// !$*UTF8*$!
{
	archiveVersion = 1;
	classes = {
	};
	objectVersion = 48;
	objects = {

/* Begin PBXBuildFile section */
		90C209B620475B7700BAB05D /* AppDelegate.swift in Sources */ = {isa = PBXBuildFile; fileRef = 90C209B520475B7700BAB05D /* AppDelegate.swift */; };
		90C209B820475B7700BAB05D /* GameScene.sks in Resources */ = {isa = PBXBuildFile; fileRef = 90C209B720475B7700BAB05D /* GameScene.sks */; };
		90C209BA20475B7700BAB05D /* Actions.sks in Resources */ = {isa = PBXBuildFile; fileRef = 90C209B920475B7700BAB05D /* Actions.sks */; };
		90C209BC20475B7700BAB05D /* GameScene.swift in Sources */ = {isa = PBXBuildFile; fileRef = 90C209BB20475B7700BAB05D /* GameScene.swift */; };
		90C209BE20475B7700BAB05D /* GameViewController.swift in Sources */ = {isa = PBXBuildFile; fileRef = 90C209BD20475B7700BAB05D /* GameViewController.swift */; };
		90C209C120475B7700BAB05D /* Main.storyboard in Resources */ = {isa = PBXBuildFile; fileRef = 90C209BF20475B7700BAB05D /* Main.storyboard */; };
		90C209C320475B7700BAB05D /* Assets.xcassets in Resources */ = {isa = PBXBuildFile; fileRef = 90C209C220475B7700BAB05D /* Assets.xcassets */; };
		90C209C620475B7700BAB05D /* LaunchScreen.storyboard in Resources */ = {isa = PBXBuildFile; fileRef = 90C209C420475B7700BAB05D /* LaunchScreen.storyboard */; };
		90C209D120475B7700BAB05D /* NinjaStarTests.swift in Sources */ = {isa = PBXBuildFile; fileRef = 90C209D020475B7700BAB05D /* NinjaStarTests.swift */; };
		90C209DC20475B7700BAB05D /* NinjaStarUITests.swift in Sources */ = {isa = PBXBuildFile; fileRef = 90C209DB20475B7700BAB05D /* NinjaStarUITests.swift */; };
/* End PBXBuildFile section */

/* Begin PBXContainerItemProxy section */
		90C209CD20475B7700BAB05D /* PBXContainerItemProxy */ = {
			isa = PBXContainerItemProxy;
			containerPortal = 90C209AA20475B7700BAB05D /* Project object */;
			proxyType = 1;
			remoteGlobalIDString = 90C209B120475B7700BAB05D;
			remoteInfo = NinjaStar;
		};
		90C209D820475B7700BAB05D /* PBXContainerItemProxy */ = {
			isa = PBXContainerItemProxy;
			containerPortal = 90C209AA20475B7700BAB05D /* Project object */;
			proxyType = 1;
			remoteGlobalIDString = 90C209B120475B7700BAB05D;
			remoteInfo = NinjaStar;
		};
/* End PBXContainerItemProxy section */

/* Begin PBXFileReference section */
		90C209B220475B7700BAB05D /* NinjaStar.app */ = {isa = PBXFileReference; explicitFileType = wrapper.application; includeInIndex = 0; path = NinjaStar.app; sourceTree = BUILT_PRODUCTS_DIR; };
		90C209B520475B7700BAB05D /* AppDelegate.swift */ = {isa = PBXFileReference; lastKnownFileType = sourcecode.swift; path = AppDelegate.swift; sourceTree = "<group>"; };
		90C209B720475B7700BAB05D /* GameScene.sks */ = {isa = PBXFileReference; lastKnownFileType = file.sks; path = GameScene.sks; sourceTree = "<group>"; };
		90C209B920475B7700BAB05D /* Actions.sks */ = {isa = PBXFileReference; lastKnownFileType = file.sks; path = Actions.sks; sourceTree = "<group>"; };
		90C209BB20475B7700BAB05D /* GameScene.swift */ = {isa = PBXFileReference; lastKnownFileType = sourcecode.swift; path = GameScene.swift; sourceTree = "<group>"; };
		90C209BD20475B7700BAB05D /* GameViewController.swift */ = {isa = PBXFileReference; lastKnownFileType = sourcecode.swift; path = GameViewController.swift; sourceTree = "<group>"; };
		90C209C020475B7700BAB05D /* Base */ = {isa = PBXFileReference; lastKnownFileType = file.storyboard; name = Base; path = Base.lproj/Main.storyboard; sourceTree = "<group>"; };
		90C209C220475B7700BAB05D /* Assets.xcassets */ = {isa = PBXFileReference; lastKnownFileType = folder.assetcatalog; path = Assets.xcassets; sourceTree = "<group>"; };
		90C209C520475B7700BAB05D /* Base */ = {isa = PBXFileReference; lastKnownFileType = file.storyboard; name = Base; path = Base.lproj/LaunchScreen.storyboard; sourceTree = "<group>"; };
		90C209C720475B7700BAB05D /* Info.plist */ = {isa = PBXFileReference; lastKnownFileType = text.plist.xml; path = Info.plist; sourceTree = "<group>"; };
		90C209CC20475B7700BAB05D /* NinjaStarTests.xctest */ = {isa = PBXFileReference; explicitFileType = wrapper.cfbundle; includeInIndex = 0; path = NinjaStarTests.xctest; sourceTree = BUILT_PRODUCTS_DIR; };
		90C209D020475B7700BAB05D /* NinjaStarTests.swift */ = {isa = PBXFileReference; lastKnownFileType = sourcecode.swift; path = NinjaStarTests.swift; sourceTree = "<group>"; };
		90C209D220475B7700BAB05D /* Info.plist */ = {isa = PBXFileReference; lastKnownFileType = text.plist.xml; path = Info.plist; sourceTree = "<group>"; };
		90C209D720475B7700BAB05D /* NinjaStarUITests.xctest */ = {isa = PBXFileReference; explicitFileType = wrapper.cfbundle; includeInIndex = 0; path = NinjaStarUITests.xctest; sourceTree = BUILT_PRODUCTS_DIR; };
		90C209DB20475B7700BAB05D /* NinjaStarUITests.swift */ = {isa = PBXFileReference; lastKnownFileType = sourcecode.swift; path = NinjaStarUITests.swift; sourceTree = "<group>"; };
		90C209DD20475B7700BAB05D /* Info.plist */ = {isa = PBXFileReference; lastKnownFileType = text.plist.xml; path = Info.plist; sourceTree = "<group>"; };
/* End PBXFileReference section */

/* Begin PBXFrameworksBuildPhase section */
		90C209AF20475B7700BAB05D /* Frameworks */ = {
			isa = PBXFrameworksBuildPhase;
			buildActionMask = 2147483647;
			files = (
			);
			runOnlyForDeploymentPostprocessing = 0;
		};
		90C209C920475B7700BAB05D /* Frameworks */ = {
			isa = PBXFrameworksBuildPhase;
			buildActionMask = 2147483647;
			files = (
			);
			runOnlyForDeploymentPostprocessing = 0;
		};
		90C209D420475B7700BAB05D /* Frameworks */ = {
			isa = PBXFrameworksBuildPhase;
			buildActionMask = 2147483647;
			files = (
			);
			runOnlyForDeploymentPostprocessing = 0;
		};
/* End PBXFrameworksBuildPhase section */

/* Begin PBXGroup section */
		90C209A920475B7700BAB05D = {
			isa = PBXGroup;
			children = (
				90C209B420475B7700BAB05D /* NinjaStar */,
				90C209CF20475B7700BAB05D /* NinjaStarTests */,
				90C209DA20475B7700BAB05D /* NinjaStarUITests */,
				90C209B320475B7700BAB05D /* Products */,
			);
			sourceTree = "<group>";
		};
		90C209B320475B7700BAB05D /* Products */ = {
			isa = PBXGroup;
			children = (
				90C209B220475B7700BAB05D /* NinjaStar.app */,
				90C209CC20475B7700BAB05D /* NinjaStarTests.xctest */,
				90C209D720475B7700BAB05D /* NinjaStarUITests.xctest */,
			);
			name = Products;
			sourceTree = "<group>";
		};
		90C209B420475B7700BAB05D /* NinjaStar */ = {
			isa = PBXGroup;
			children = (
				90C209B520475B7700BAB05D /* AppDelegate.swift */,
				90C209B720475B7700BAB05D /* GameScene.sks */,
				90C209B920475B7700BAB05D /* Actions.sks */,
				90C209BB20475B7700BAB05D /* GameScene.swift */,
				90C209BD20475B7700BAB05D /* GameViewController.swift */,
				90C209BF20475B7700BAB05D /* Main.storyboard */,
				90C209C220475B7700BAB05D /* Assets.xcassets */,
				90C209C420475B7700BAB05D /* LaunchScreen.storyboard */,
				90C209C720475B7700BAB05D /* Info.plist */,
			);
			path = NinjaStar;
			sourceTree = "<group>";
		};
		90C209CF20475B7700BAB05D /* NinjaStarTests */ = {
			isa = PBXGroup;
			children = (
				90C209D020475B7700BAB05D /* NinjaStarTests.swift */,
				90C209D220475B7700BAB05D /* Info.plist */,
			);
			path = NinjaStarTests;
			sourceTree = "<group>";
		};
		90C209DA20475B7700BAB05D /* NinjaStarUITests */ = {
			isa = PBXGroup;
			children = (
				90C209DB20475B7700BAB05D /* NinjaStarUITests.swift */,
				90C209DD20475B7700BAB05D /* Info.plist */,
			);
			path = NinjaStarUITests;
			sourceTree = "<group>";
		};
/* End PBXGroup section */

/* Begin PBXNativeTarget section */
		90C209B120475B7700BAB05D /* NinjaStar */ = {
			isa = PBXNativeTarget;
			buildConfigurationList = 90C209E020475B7700BAB05D /* Build configuration list for PBXNativeTarget "NinjaStar" */;
			buildPhases = (
				90C209AE20475B7700BAB05D /* Sources */,
				90C209AF20475B7700BAB05D /* Frameworks */,
				90C209B020475B7700BAB05D /* Resources */,
			);
			buildRules = (
			);
			dependencies = (
			);
			name = NinjaStar;
			productName = NinjaStar;
			productReference = 90C209B220475B7700BAB05D /* NinjaStar.app */;
			productType = "com.apple.product-type.application";
		};
		90C209CB20475B7700BAB05D /* NinjaStarTests */ = {
			isa = PBXNativeTarget;
			buildConfigurationList = 90C209E320475B7700BAB05D /* Build configuration list for PBXNativeTarget "NinjaStarTests" */;
			buildPhases = (
				90C209C820475B7700BAB05D /* Sources */,
				90C209C920475B7700BAB05D /* Frameworks */,
				90C209CA20475B7700BAB05D /* Resources */,
			);
			buildRules = (
			);
			dependencies = (
				90C209CE20475B7700BAB05D /* PBXTargetDependency */,
			);
			name = NinjaStarTests;
			productName = NinjaStarTests;
			productReference = 90C209CC20475B7700BAB05D /* NinjaStarTests.xctest */;
			productType = "com.apple.product-type.bundle.unit-test";
		};
		90C209D620475B7700BAB05D /* NinjaStarUITests */ = {
			isa = PBXNativeTarget;
			buildConfigurationList = 90C209E620475B7700BAB05D /* Build configuration list for PBXNativeTarget "NinjaStarUITests" */;
			buildPhases = (
				90C209D320475B7700BAB05D /* Sources */,
				90C209D420475B7700BAB05D /* Frameworks */,
				90C209D520475B7700BAB05D /* Resources */,
			);
			buildRules = (
			);
			dependencies = (
				90C209D920475B7700BAB05D /* PBXTargetDependency */,
			);
			name = NinjaStarUITests;
			productName = NinjaStarUITests;
			productReference = 90C209D720475B7700BAB05D /* NinjaStarUITests.xctest */;
			productType = "com.apple.product-type.bundle.ui-testing";
		};
/* End PBXNativeTarget section */

/* Begin PBXProject section */
		90C209AA20475B7700BAB05D /* Project object */ = {
			isa = PBXProject;
			attributes = {
				LastSwiftUpdateCheck = 0920;
				LastUpgradeCheck = 0920;
				ORGANIZATIONNAME = "Nissan Adid";
				TargetAttributes = {
					90C209B120475B7700BAB05D = {
						CreatedOnToolsVersion = 9.2;
						ProvisioningStyle = Automatic;
					};
					90C209CB20475B7700BAB05D = {
						CreatedOnToolsVersion = 9.2;
						ProvisioningStyle = Automatic;
						TestTargetID = 90C209B120475B7700BAB05D;
					};
					90C209D620475B7700BAB05D = {
						CreatedOnToolsVersion = 9.2;
						ProvisioningStyle = Automatic;
						TestTargetID = 90C209B120475B7700BAB05D;
					};
				};
			};
			buildConfigurationList = 90C209AD20475B7700BAB05D /* Build configuration list for PBXProject "NinjaStar" */;
			compatibilityVersion = "Xcode 8.0";
			developmentRegion = en;
			hasScannedForEncodings = 0;
			knownRegions = (
				en,
				Base,
			);
			mainGroup = 90C209A920475B7700BAB05D;
			productRefGroup = 90C209B320475B7700BAB05D /* Products */;
			projectDirPath = "";
			projectRoot = "";
			targets = (
				90C209B120475B7700BAB05D /* NinjaStar */,
				90C209CB20475B7700BAB05D /* NinjaStarTests */,
				90C209D620475B7700BAB05D /* NinjaStarUITests */,
			);
		};
/* End PBXProject section */

/* Begin PBXResourcesBuildPhase section */
		90C209B020475B7700BAB05D /* Resources */ = {
			isa = PBXResourcesBuildPhase;
			buildActionMask = 2147483647;
			files = (
				90C209C120475B7700BAB05D /* Main.storyboard in Resources */,
				90C209B820475B7700BAB05D /* GameScene.sks in Resources */,
				90C209C320475B7700BAB05D /* Assets.xcassets in Resources */,
				90C209C620475B7700BAB05D /* LaunchScreen.storyboard in Resources */,
				90C209BA20475B7700BAB05D /* Actions.sks in Resources */,
			);
			runOnlyForDeploymentPostprocessing = 0;
		};
		90C209CA20475B7700BAB05D /* Resources */ = {
			isa = PBXResourcesBuildPhase;
			buildActionMask = 2147483647;
			files = (
			);
			runOnlyForDeploymentPostprocessing = 0;
		};
		90C209D520475B7700BAB05D /* Resources */ = {
			isa = PBXResourcesBuildPhase;
			buildActionMask = 2147483647;
			files = (
			);
			runOnlyForDeploymentPostprocessing = 0;
		};
/* End PBXResourcesBuildPhase section */

/* Begin PBXSourcesBuildPhase section */
		90C209AE20475B7700BAB05D /* Sources */ = {
			isa = PBXSourcesBuildPhase;
			buildActionMask = 2147483647;
			files = (
				90C209BC20475B7700BAB05D /* GameScene.swift in Sources */,
				90C209BE20475B7700BAB05D /* GameViewController.swift in Sources */,
				90C209B620475B7700BAB05D /* AppDelegate.swift in Sources */,
			);
			runOnlyForDeploymentPostprocessing = 0;
		};
		90C209C820475B7700BAB05D /* Sources */ = {
			isa = PBXSourcesBuildPhase;
			buildActionMask = 2147483647;
			files = (
				90C209D120475B7700BAB05D /* NinjaStarTests.swift in Sources */,
			);
			runOnlyForDeploymentPostprocessing = 0;
		};
		90C209D320475B7700BAB05D /* Sources */ = {
			isa = PBXSourcesBuildPhase;
			buildActionMask = 2147483647;
			files = (
				90C209DC20475B7700BAB05D /* NinjaStarUITests.swift in Sources */,
			);
			runOnlyForDeploymentPostprocessing = 0;
		};
/* End PBXSourcesBuildPhase section */

/* Begin PBXTargetDependency section */
		90C209CE20475B7700BAB05D /* PBXTargetDependency */ = {
			isa = PBXTargetDependency;
			target = 90C209B120475B7700BAB05D /* NinjaStar */;
			targetProxy = 90C209CD20475B7700BAB05D /* PBXContainerItemProxy */;
		};
		90C209D920475B7700BAB05D /* PBXTargetDependency */ = {
			isa = PBXTargetDependency;
			target = 90C209B120475B7700BAB05D /* NinjaStar */;
			targetProxy = 90C209D820475B7700BAB05D /* PBXContainerItemProxy */;
		};
/* End PBXTargetDependency section */

/* Begin PBXVariantGroup section */
		90C209BF20475B7700BAB05D /* Main.storyboard */ = {
			isa = PBXVariantGroup;
			children = (
				90C209C020475B7700BAB05D /* Base */,
			);
			name = Main.storyboard;
			sourceTree = "<group>";
		};
		90C209C420475B7700BAB05D /* LaunchScreen.storyboard */ = {
			isa = PBXVariantGroup;
			children = (
				90C209C520475B7700BAB05D /* Base */,
			);
			name = LaunchScreen.storyboard;
			sourceTree = "<group>";
		};
/* End PBXVariantGroup section */

/* Begin XCBuildConfiguration section */
		90C209DE20475B7700BAB05D /* Debug */ = {
			isa = XCBuildConfiguration;
			buildSettings = {
				ALWAYS_SEARCH_USER_PATHS = NO;
				CLANG_ANALYZER_NONNULL = YES;
				CLANG_ANALYZER_NUMBER_OBJECT_CONVERSION = YES_AGGRESSIVE;
				CLANG_CXX_LANGUAGE_STANDARD = "gnu++14";
				CLANG_CXX_LIBRARY = "libc++";
				CLANG_ENABLE_MODULES = YES;
				CLANG_ENABLE_OBJC_ARC = YES;
				CLANG_WARN_BLOCK_CAPTURE_AUTORELEASING = YES;
				CLANG_WARN_BOOL_CONVERSION = YES;
				CLANG_WARN_COMMA = YES;
				CLANG_WARN_CONSTANT_CONVERSION = YES;
				CLANG_WARN_DIRECT_OBJC_ISA_USAGE = YES_ERROR;
				CLANG_WARN_DOCUMENTATION_COMMENTS = YES;
				CLANG_WARN_EMPTY_BODY = YES;
				CLANG_WARN_ENUM_CONVERSION = YES;
				CLANG_WARN_INFINITE_RECURSION = YES;
				CLANG_WARN_INT_CONVERSION = YES;
				CLANG_WARN_NON_LITERAL_NULL_CONVERSION = YES;
				CLANG_WARN_OBJC_LITERAL_CONVERSION = YES;
				CLANG_WARN_OBJC_ROOT_CLASS = YES_ERROR;
				CLANG_WARN_RANGE_LOOP_ANALYSIS = YES;
				CLANG_WARN_STRICT_PROTOTYPES = YES;
				CLANG_WARN_SUSPICIOUS_MOVE = YES;
				CLANG_WARN_UNGUARDED_AVAILABILITY = YES_AGGRESSIVE;
				CLANG_WARN_UNREACHABLE_CODE = YES;
				CLANG_WARN__DUPLICATE_METHOD_MATCH = YES;
				CODE_SIGN_IDENTITY = "iPhone Developer";
				COPY_PHASE_STRIP = NO;
				DEBUG_INFORMATION_FORMAT = dwarf;
				ENABLE_STRICT_OBJC_MSGSEND = YES;
				ENABLE_TESTABILITY = YES;
				GCC_C_LANGUAGE_STANDARD = gnu11;
				GCC_DYNAMIC_NO_PIC = NO;
				GCC_NO_COMMON_BLOCKS = YES;
				GCC_OPTIMIZATION_LEVEL = 0;
				GCC_PREPROCESSOR_DEFINITIONS = (
					"DEBUG=1",
					"$(inherited)",
				);
				GCC_WARN_64_TO_32_BIT_CONVERSION = YES;
				GCC_WARN_ABOUT_RETURN_TYPE = YES_ERROR;
				GCC_WARN_UNDECLARED_SELECTOR = YES;
				GCC_WARN_UNINITIALIZED_AUTOS = YES_AGGRESSIVE;
				GCC_WARN_UNUSED_FUNCTION = YES;
				GCC_WARN_UNUSED_VARIABLE = YES;
				IPHONEOS_DEPLOYMENT_TARGET = 11.2;
				MTL_ENABLE_DEBUG_INFO = YES;
				ONLY_ACTIVE_ARCH = YES;
				SDKROOT = iphoneos;
				SWIFT_ACTIVE_COMPILATION_CONDITIONS = DEBUG;
				SWIFT_OPTIMIZATION_LEVEL = "-Onone";
			};
			name = Debug;
		};
		90C209DF20475B7700BAB05D /* Release */ = {
			isa = XCBuildConfiguration;
			buildSettings = {
				ALWAYS_SEARCH_USER_PATHS = NO;
				CLANG_ANALYZER_NONNULL = YES;
				CLANG_ANALYZER_NUMBER_OBJECT_CONVERSION = YES_AGGRESSIVE;
				CLANG_CXX_LANGUAGE_STANDARD = "gnu++14";
				CLANG_CXX_LIBRARY = "libc++";
				CLANG_ENABLE_MODULES = YES;
				CLANG_ENABLE_OBJC_ARC = YES;
				CLANG_WARN_BLOCK_CAPTURE_AUTORELEASING = YES;
				CLANG_WARN_BOOL_CONVERSION = YES;
				CLANG_WARN_COMMA = YES;
				CLANG_WARN_CONSTANT_CONVERSION = YES;
				CLANG_WARN_DIRECT_OBJC_ISA_USAGE = YES_ERROR;
				CLANG_WARN_DOCUMENTATION_COMMENTS = YES;
				CLANG_WARN_EMPTY_BODY = YES;
				CLANG_WARN_ENUM_CONVERSION = YES;
				CLANG_WARN_INFINITE_RECURSION = YES;
				CLANG_WARN_INT_CONVERSION = YES;
				CLANG_WARN_NON_LITERAL_NULL_CONVERSION = YES;
				CLANG_WARN_OBJC_LITERAL_CONVERSION = YES;
				CLANG_WARN_OBJC_ROOT_CLASS = YES_ERROR;
				CLANG_WARN_RANGE_LOOP_ANALYSIS = YES;
				CLANG_WARN_STRICT_PROTOTYPES = YES;
				CLANG_WARN_SUSPICIOUS_MOVE = YES;
				CLANG_WARN_UNGUARDED_AVAILABILITY = YES_AGGRESSIVE;
				CLANG_WARN_UNREACHABLE_CODE = YES;
				CLANG_WARN__DUPLICATE_METHOD_MATCH = YES;
				CODE_SIGN_IDENTITY = "iPhone Developer";
				COPY_PHASE_STRIP = NO;
				DEBUG_INFORMATION_FORMAT = "dwarf-with-dsym";
				ENABLE_NS_ASSERTIONS = NO;
				ENABLE_STRICT_OBJC_MSGSEND = YES;
				GCC_C_LANGUAGE_STANDARD = gnu11;
				GCC_NO_COMMON_BLOCKS = YES;
				GCC_WARN_64_TO_32_BIT_CONVERSION = YES;
				GCC_WARN_ABOUT_RETURN_TYPE = YES_ERROR;
				GCC_WARN_UNDECLARED_SELECTOR = YES;
				GCC_WARN_UNINITIALIZED_AUTOS = YES_AGGRESSIVE;
				GCC_WARN_UNUSED_FUNCTION = YES;
				GCC_WARN_UNUSED_VARIABLE = YES;
				IPHONEOS_DEPLOYMENT_TARGET = 11.2;
				MTL_ENABLE_DEBUG_INFO = NO;
				SDKROOT = iphoneos;
				SWIFT_OPTIMIZATION_LEVEL = "-Owholemodule";
				VALIDATE_PRODUCT = YES;
			};
			name = Release;
		};
		90C209E120475B7700BAB05D /* Debug */ = {
			isa = XCBuildConfiguration;
			buildSettings = {
				ASSETCATALOG_COMPILER_APPICON_NAME = AppIcon;
				CODE_SIGN_STYLE = Automatic;
				INFOPLIST_FILE = NinjaStar/Info.plist;
				LD_RUNPATH_SEARCH_PATHS = "$(inherited) @executable_path/Frameworks";
				PRODUCT_BUNDLE_IDENTIFIER = "Adid-Nissan.NinjaStar";
				PRODUCT_NAME = "$(TARGET_NAME)";
				SWIFT_VERSION = 4.0;
				TARGETED_DEVICE_FAMILY = "1,2";
			};
			name = Debug;
		};
		90C209E220475B7700BAB05D /* Release */ = {
			isa = XCBuildConfiguration;
			buildSettings = {
				ASSETCATALOG_COMPILER_APPICON_NAME = AppIcon;
				CODE_SIGN_STYLE = Automatic;
				INFOPLIST_FILE = NinjaStar/Info.plist;
				LD_RUNPATH_SEARCH_PATHS = "$(inherited) @executable_path/Frameworks";
				PRODUCT_BUNDLE_IDENTIFIER = "Adid-Nissan.NinjaStar";
				PRODUCT_NAME = "$(TARGET_NAME)";
				SWIFT_VERSION = 4.0;
				TARGETED_DEVICE_FAMILY = "1,2";
			};
			name = Release;
		};
		90C209E420475B7700BAB05D /* Debug */ = {
			isa = XCBuildConfiguration;
			buildSettings = {
				ALWAYS_EMBED_SWIFT_STANDARD_LIBRARIES = YES;
				BUNDLE_LOADER = "$(TEST_HOST)";
				CODE_SIGN_STYLE = Automatic;
				INFOPLIST_FILE = NinjaStarTests/Info.plist;
				LD_RUNPATH_SEARCH_PATHS = "$(inherited) @executable_path/Frameworks @loader_path/Frameworks";
				PRODUCT_BUNDLE_IDENTIFIER = "Adid-Nissan.NinjaStarTests";
				PRODUCT_NAME = "$(TARGET_NAME)";
				SWIFT_VERSION = 4.0;
				TARGETED_DEVICE_FAMILY = "1,2";
				TEST_HOST = "$(BUILT_PRODUCTS_DIR)/NinjaStar.app/NinjaStar";
			};
			name = Debug;
		};
		90C209E520475B7700BAB05D /* Release */ = {
			isa = XCBuildConfiguration;
			buildSettings = {
				ALWAYS_EMBED_SWIFT_STANDARD_LIBRARIES = YES;
				BUNDLE_LOADER = "$(TEST_HOST)";
				CODE_SIGN_STYLE = Automatic;
				INFOPLIST_FILE = NinjaStarTests/Info.plist;
				LD_RUNPATH_SEARCH_PATHS = "$(inherited) @executable_path/Frameworks @loader_path/Frameworks";
				PRODUCT_BUNDLE_IDENTIFIER = "Adid-Nissan.NinjaStarTests";
				PRODUCT_NAME = "$(TARGET_NAME)";
				SWIFT_VERSION = 4.0;
				TARGETED_DEVICE_FAMILY = "1,2";
				TEST_HOST = "$(BUILT_PRODUCTS_DIR)/NinjaStar.app/NinjaStar";
			};
			name = Release;
		};
		90C209E720475B7700BAB05D /* Debug */ = {
			isa = XCBuildConfiguration;
			buildSettings = {
				ALWAYS_EMBED_SWIFT_STANDARD_LIBRARIES = YES;
				CODE_SIGN_STYLE = Automatic;
				INFOPLIST_FILE = NinjaStarUITests/Info.plist;
				LD_RUNPATH_SEARCH_PATHS = "$(inherited) @executable_path/Frameworks @loader_path/Frameworks";
				PRODUCT_BUNDLE_IDENTIFIER = "Adid-Nissan.NinjaStarUITests";
				PRODUCT_NAME = "$(TARGET_NAME)";
				SWIFT_VERSION = 4.0;
				TARGETED_DEVICE_FAMILY = "1,2";
				TEST_TARGET_NAME = NinjaStar;
			};
			name = Debug;
		};
		90C209E820475B7700BAB05D /* Release */ = {
			isa = XCBuildConfiguration;
			buildSettings = {
				ALWAYS_EMBED_SWIFT_STANDARD_LIBRARIES = YES;
				CODE_SIGN_STYLE = Automatic;
				INFOPLIST_FILE = NinjaStarUITests/Info.plist;
				LD_RUNPATH_SEARCH_PATHS = "$(inherited) @executable_path/Frameworks @loader_path/Frameworks";
				PRODUCT_BUNDLE_IDENTIFIER = "Adid-Nissan.NinjaStarUITests";
				PRODUCT_NAME = "$(TARGET_NAME)";
				SWIFT_VERSION = 4.0;
				TARGETED_DEVICE_FAMILY = "1,2";
				TEST_TARGET_NAME = NinjaStar;
			};
			name = Release;
		};
/* End XCBuildConfiguration section */

/* Begin XCConfigurationList section */
		90C209AD20475B7700BAB05D /* Build configuration list for PBXProject "NinjaStar" */ = {
			isa = XCConfigurationList;
			buildConfigurations = (
				90C209DE20475B7700BAB05D /* Debug */,
				90C209DF20475B7700BAB05D /* Release */,
			);
			defaultConfigurationIsVisible = 0;
			defaultConfigurationName = Release;
		};
		90C209E020475B7700BAB05D /* Build configuration list for PBXNativeTarget "NinjaStar" */ = {
			isa = XCConfigurationList;
			buildConfigurations = (
				90C209E120475B7700BAB05D /* Debug */,
				90C209E220475B7700BAB05D /* Release */,
			);
			defaultConfigurationIsVisible = 0;
			defaultConfigurationName = Release;
		};
		90C209E320475B7700BAB05D /* Build configuration list for PBXNativeTarget "NinjaStarTests" */ = {
			isa = XCConfigurationList;
			buildConfigurations = (
				90C209E420475B7700BAB05D /* Debug */,
				90C209E520475B7700BAB05D /* Release */,
			);
			defaultConfigurationIsVisible = 0;
			defaultConfigurationName = Release;
		};
		90C209E620475B7700BAB05D /* Build configuration list for PBXNativeTarget "NinjaStarUITests" */ = {
			isa = XCConfigurationList;
			buildConfigurations = (
				90C209E720475B7700BAB05D /* Debug */,
				90C209E820475B7700BAB05D /* Release */,
			);
			defaultConfigurationIsVisible = 0;
			defaultConfigurationName = Release;
		};
/* End XCConfigurationList section */
	};
	rootObject = 90C209AA20475B7700BAB05D /* Project object */;
}
