// !$*UTF8*$!
{
	archiveVersion = 1;
	classes = {
	};
	objectVersion = 48;
	objects = {

/* Begin PBXBuildFile section */
		7BD138092051DB0C0055F982 /* AppDelegate.swift in Sources */ = {isa = PBXBuildFile; fileRef = 7BD138082051DB0C0055F982 /* AppDelegate.swift */; };
		7BD1380B2051DB0C0055F982 /* GameScene.sks in Resources */ = {isa = PBXBuildFile; fileRef = 7BD1380A2051DB0C0055F982 /* GameScene.sks */; };
		7BD1380D2051DB0C0055F982 /* Actions.sks in Resources */ = {isa = PBXBuildFile; fileRef = 7BD1380C2051DB0C0055F982 /* Actions.sks */; };
		7BD1380F2051DB0C0055F982 /* GameScene.swift in Sources */ = {isa = PBXBuildFile; fileRef = 7BD1380E2051DB0C0055F982 /* GameScene.swift */; };
		7BD138112051DB0C0055F982 /* GameViewController.swift in Sources */ = {isa = PBXBuildFile; fileRef = 7BD138102051DB0C0055F982 /* GameViewController.swift */; };
		7BD138142051DB0C0055F982 /* Main.storyboard in Resources */ = {isa = PBXBuildFile; fileRef = 7BD138122051DB0C0055F982 /* Main.storyboard */; };
		7BD138162051DB0C0055F982 /* Assets.xcassets in Resources */ = {isa = PBXBuildFile; fileRef = 7BD138152051DB0C0055F982 /* Assets.xcassets */; };
		7BD138192051DB0C0055F982 /* LaunchScreen.storyboard in Resources */ = {isa = PBXBuildFile; fileRef = 7BD138172051DB0C0055F982 /* LaunchScreen.storyboard */; };
		7BD138242051DB0C0055F982 /* BlockFrenzyTests.swift in Sources */ = {isa = PBXBuildFile; fileRef = 7BD138232051DB0C0055F982 /* BlockFrenzyTests.swift */; };
		7BD1382F2051DB0C0055F982 /* BlockFrenzyUITests.swift in Sources */ = {isa = PBXBuildFile; fileRef = 7BD1382E2051DB0C0055F982 /* BlockFrenzyUITests.swift */; };
		7BD1383D2051E4400055F982 /* Dark_Knight_Dummo.mp3 in Resources */ = {isa = PBXBuildFile; fileRef = 7BD1383C2051E4400055F982 /* Dark_Knight_Dummo.mp3 */; };
/* End PBXBuildFile section */

/* Begin PBXContainerItemProxy section */
		7BD138202051DB0C0055F982 /* PBXContainerItemProxy */ = {
			isa = PBXContainerItemProxy;
			containerPortal = 7BD137FD2051DB0C0055F982 /* Project object */;
			proxyType = 1;
			remoteGlobalIDString = 7BD138042051DB0C0055F982;
			remoteInfo = BlockFrenzy;
		};
		7BD1382B2051DB0C0055F982 /* PBXContainerItemProxy */ = {
			isa = PBXContainerItemProxy;
			containerPortal = 7BD137FD2051DB0C0055F982 /* Project object */;
			proxyType = 1;
			remoteGlobalIDString = 7BD138042051DB0C0055F982;
			remoteInfo = BlockFrenzy;
		};
/* End PBXContainerItemProxy section */

/* Begin PBXFileReference section */
		7BD138052051DB0C0055F982 /* BlockFrenzy.app */ = {isa = PBXFileReference; explicitFileType = wrapper.application; includeInIndex = 0; path = BlockFrenzy.app; sourceTree = BUILT_PRODUCTS_DIR; };
		7BD138082051DB0C0055F982 /* AppDelegate.swift */ = {isa = PBXFileReference; lastKnownFileType = sourcecode.swift; path = AppDelegate.swift; sourceTree = "<group>"; };
		7BD1380A2051DB0C0055F982 /* GameScene.sks */ = {isa = PBXFileReference; lastKnownFileType = file.sks; path = GameScene.sks; sourceTree = "<group>"; };
		7BD1380C2051DB0C0055F982 /* Actions.sks */ = {isa = PBXFileReference; lastKnownFileType = file.sks; path = Actions.sks; sourceTree = "<group>"; };
		7BD1380E2051DB0C0055F982 /* GameScene.swift */ = {isa = PBXFileReference; lastKnownFileType = sourcecode.swift; path = GameScene.swift; sourceTree = "<group>"; };
		7BD138102051DB0C0055F982 /* GameViewController.swift */ = {isa = PBXFileReference; lastKnownFileType = sourcecode.swift; path = GameViewController.swift; sourceTree = "<group>"; };
		7BD138132051DB0C0055F982 /* Base */ = {isa = PBXFileReference; lastKnownFileType = file.storyboard; name = Base; path = Base.lproj/Main.storyboard; sourceTree = "<group>"; };
		7BD138152051DB0C0055F982 /* Assets.xcassets */ = {isa = PBXFileReference; lastKnownFileType = folder.assetcatalog; path = Assets.xcassets; sourceTree = "<group>"; };
		7BD138182051DB0C0055F982 /* Base */ = {isa = PBXFileReference; lastKnownFileType = file.storyboard; name = Base; path = Base.lproj/LaunchScreen.storyboard; sourceTree = "<group>"; };
		7BD1381A2051DB0C0055F982 /* Info.plist */ = {isa = PBXFileReference; lastKnownFileType = text.plist.xml; path = Info.plist; sourceTree = "<group>"; };
		7BD1381F2051DB0C0055F982 /* BlockFrenzyTests.xctest */ = {isa = PBXFileReference; explicitFileType = wrapper.cfbundle; includeInIndex = 0; path = BlockFrenzyTests.xctest; sourceTree = BUILT_PRODUCTS_DIR; };
		7BD138232051DB0C0055F982 /* BlockFrenzyTests.swift */ = {isa = PBXFileReference; lastKnownFileType = sourcecode.swift; path = BlockFrenzyTests.swift; sourceTree = "<group>"; };
		7BD138252051DB0C0055F982 /* Info.plist */ = {isa = PBXFileReference; lastKnownFileType = text.plist.xml; path = Info.plist; sourceTree = "<group>"; };
		7BD1382A2051DB0C0055F982 /* BlockFrenzyUITests.xctest */ = {isa = PBXFileReference; explicitFileType = wrapper.cfbundle; includeInIndex = 0; path = BlockFrenzyUITests.xctest; sourceTree = BUILT_PRODUCTS_DIR; };
		7BD1382E2051DB0C0055F982 /* BlockFrenzyUITests.swift */ = {isa = PBXFileReference; lastKnownFileType = sourcecode.swift; path = BlockFrenzyUITests.swift; sourceTree = "<group>"; };
		7BD138302051DB0C0055F982 /* Info.plist */ = {isa = PBXFileReference; lastKnownFileType = text.plist.xml; path = Info.plist; sourceTree = "<group>"; };
		7BD1383C2051E4400055F982 /* Dark_Knight_Dummo.mp3 */ = {isa = PBXFileReference; lastKnownFileType = audio.mp3; path = Dark_Knight_Dummo.mp3; sourceTree = "<group>"; };
/* End PBXFileReference section */

/* Begin PBXFrameworksBuildPhase section */
		7BD138022051DB0C0055F982 /* Frameworks */ = {
			isa = PBXFrameworksBuildPhase;
			buildActionMask = 2147483647;
			files = (
			);
			runOnlyForDeploymentPostprocessing = 0;
		};
		7BD1381C2051DB0C0055F982 /* Frameworks */ = {
			isa = PBXFrameworksBuildPhase;
			buildActionMask = 2147483647;
			files = (
			);
			runOnlyForDeploymentPostprocessing = 0;
		};
		7BD138272051DB0C0055F982 /* Frameworks */ = {
			isa = PBXFrameworksBuildPhase;
			buildActionMask = 2147483647;
			files = (
			);
			runOnlyForDeploymentPostprocessing = 0;
		};
/* End PBXFrameworksBuildPhase section */

/* Begin PBXGroup section */
		7BD137FC2051DB0C0055F982 = {
			isa = PBXGroup;
			children = (
				7BD138072051DB0C0055F982 /* BlockFrenzy */,
				7BD138222051DB0C0055F982 /* BlockFrenzyTests */,
				7BD1382D2051DB0C0055F982 /* BlockFrenzyUITests */,
				7BD138062051DB0C0055F982 /* Products */,
			);
			sourceTree = "<group>";
		};
		7BD138062051DB0C0055F982 /* Products */ = {
			isa = PBXGroup;
			children = (
				7BD138052051DB0C0055F982 /* BlockFrenzy.app */,
				7BD1381F2051DB0C0055F982 /* BlockFrenzyTests.xctest */,
				7BD1382A2051DB0C0055F982 /* BlockFrenzyUITests.xctest */,
			);
			name = Products;
			sourceTree = "<group>";
		};
		7BD138072051DB0C0055F982 /* BlockFrenzy */ = {
			isa = PBXGroup;
			children = (
				7BD1383C2051E4400055F982 /* Dark_Knight_Dummo.mp3 */,
				7BD138082051DB0C0055F982 /* AppDelegate.swift */,
				7BD1380A2051DB0C0055F982 /* GameScene.sks */,
				7BD1380C2051DB0C0055F982 /* Actions.sks */,
				7BD1380E2051DB0C0055F982 /* GameScene.swift */,
				7BD138102051DB0C0055F982 /* GameViewController.swift */,
				7BD138122051DB0C0055F982 /* Main.storyboard */,
				7BD138152051DB0C0055F982 /* Assets.xcassets */,
				7BD138172051DB0C0055F982 /* LaunchScreen.storyboard */,
				7BD1381A2051DB0C0055F982 /* Info.plist */,
			);
			path = BlockFrenzy;
			sourceTree = "<group>";
		};
		7BD138222051DB0C0055F982 /* BlockFrenzyTests */ = {
			isa = PBXGroup;
			children = (
				7BD138232051DB0C0055F982 /* BlockFrenzyTests.swift */,
				7BD138252051DB0C0055F982 /* Info.plist */,
			);
			path = BlockFrenzyTests;
			sourceTree = "<group>";
		};
		7BD1382D2051DB0C0055F982 /* BlockFrenzyUITests */ = {
			isa = PBXGroup;
			children = (
				7BD1382E2051DB0C0055F982 /* BlockFrenzyUITests.swift */,
				7BD138302051DB0C0055F982 /* Info.plist */,
			);
			path = BlockFrenzyUITests;
			sourceTree = "<group>";
		};
/* End PBXGroup section */

/* Begin PBXNativeTarget section */
		7BD138042051DB0C0055F982 /* BlockFrenzy */ = {
			isa = PBXNativeTarget;
			buildConfigurationList = 7BD138332051DB0C0055F982 /* Build configuration list for PBXNativeTarget "BlockFrenzy" */;
			buildPhases = (
				7BD138012051DB0C0055F982 /* Sources */,
				7BD138022051DB0C0055F982 /* Frameworks */,
				7BD138032051DB0C0055F982 /* Resources */,
			);
			buildRules = (
			);
			dependencies = (
			);
			name = BlockFrenzy;
			productName = BlockFrenzy;
			productReference = 7BD138052051DB0C0055F982 /* BlockFrenzy.app */;
			productType = "com.apple.product-type.application";
		};
		7BD1381E2051DB0C0055F982 /* BlockFrenzyTests */ = {
			isa = PBXNativeTarget;
			buildConfigurationList = 7BD138362051DB0C0055F982 /* Build configuration list for PBXNativeTarget "BlockFrenzyTests" */;
			buildPhases = (
				7BD1381B2051DB0C0055F982 /* Sources */,
				7BD1381C2051DB0C0055F982 /* Frameworks */,
				7BD1381D2051DB0C0055F982 /* Resources */,
			);
			buildRules = (
			);
			dependencies = (
				7BD138212051DB0C0055F982 /* PBXTargetDependency */,
			);
			name = BlockFrenzyTests;
			productName = BlockFrenzyTests;
			productReference = 7BD1381F2051DB0C0055F982 /* BlockFrenzyTests.xctest */;
			productType = "com.apple.product-type.bundle.unit-test";
		};
		7BD138292051DB0C0055F982 /* BlockFrenzyUITests */ = {
			isa = PBXNativeTarget;
			buildConfigurationList = 7BD138392051DB0C0055F982 /* Build configuration list for PBXNativeTarget "BlockFrenzyUITests" */;
			buildPhases = (
				7BD138262051DB0C0055F982 /* Sources */,
				7BD138272051DB0C0055F982 /* Frameworks */,
				7BD138282051DB0C0055F982 /* Resources */,
			);
			buildRules = (
			);
			dependencies = (
				7BD1382C2051DB0C0055F982 /* PBXTargetDependency */,
			);
			name = BlockFrenzyUITests;
			productName = BlockFrenzyUITests;
			productReference = 7BD1382A2051DB0C0055F982 /* BlockFrenzyUITests.xctest */;
			productType = "com.apple.product-type.bundle.ui-testing";
		};
/* End PBXNativeTarget section */

/* Begin PBXProject section */
		7BD137FD2051DB0C0055F982 /* Project object */ = {
			isa = PBXProject;
			attributes = {
				LastSwiftUpdateCheck = 0920;
				LastUpgradeCheck = 0920;
				ORGANIZATIONNAME = "McLoughlin David J.";
				TargetAttributes = {
					7BD138042051DB0C0055F982 = {
						CreatedOnToolsVersion = 9.2;
						ProvisioningStyle = Automatic;
					};
					7BD1381E2051DB0C0055F982 = {
						CreatedOnToolsVersion = 9.2;
						ProvisioningStyle = Automatic;
						TestTargetID = 7BD138042051DB0C0055F982;
					};
					7BD138292051DB0C0055F982 = {
						CreatedOnToolsVersion = 9.2;
						ProvisioningStyle = Automatic;
						TestTargetID = 7BD138042051DB0C0055F982;
					};
				};
			};
			buildConfigurationList = 7BD138002051DB0C0055F982 /* Build configuration list for PBXProject "BlockFrenzy" */;
			compatibilityVersion = "Xcode 8.0";
			developmentRegion = en;
			hasScannedForEncodings = 0;
			knownRegions = (
				en,
				Base,
			);
			mainGroup = 7BD137FC2051DB0C0055F982;
			productRefGroup = 7BD138062051DB0C0055F982 /* Products */;
			projectDirPath = "";
			projectRoot = "";
			targets = (
				7BD138042051DB0C0055F982 /* BlockFrenzy */,
				7BD1381E2051DB0C0055F982 /* BlockFrenzyTests */,
				7BD138292051DB0C0055F982 /* BlockFrenzyUITests */,
			);
		};
/* End PBXProject section */

/* Begin PBXResourcesBuildPhase section */
		7BD138032051DB0C0055F982 /* Resources */ = {
			isa = PBXResourcesBuildPhase;
			buildActionMask = 2147483647;
			files = (
				7BD138142051DB0C0055F982 /* Main.storyboard in Resources */,
				7BD1380B2051DB0C0055F982 /* GameScene.sks in Resources */,
				7BD1383D2051E4400055F982 /* Dark_Knight_Dummo.mp3 in Resources */,
				7BD138162051DB0C0055F982 /* Assets.xcassets in Resources */,
				7BD138192051DB0C0055F982 /* LaunchScreen.storyboard in Resources */,
				7BD1380D2051DB0C0055F982 /* Actions.sks in Resources */,
			);
			runOnlyForDeploymentPostprocessing = 0;
		};
		7BD1381D2051DB0C0055F982 /* Resources */ = {
			isa = PBXResourcesBuildPhase;
			buildActionMask = 2147483647;
			files = (
			);
			runOnlyForDeploymentPostprocessing = 0;
		};
		7BD138282051DB0C0055F982 /* Resources */ = {
			isa = PBXResourcesBuildPhase;
			buildActionMask = 2147483647;
			files = (
			);
			runOnlyForDeploymentPostprocessing = 0;
		};
/* End PBXResourcesBuildPhase section */

/* Begin PBXSourcesBuildPhase section */
		7BD138012051DB0C0055F982 /* Sources */ = {
			isa = PBXSourcesBuildPhase;
			buildActionMask = 2147483647;
			files = (
				7BD1380F2051DB0C0055F982 /* GameScene.swift in Sources */,
				7BD138112051DB0C0055F982 /* GameViewController.swift in Sources */,
				7BD138092051DB0C0055F982 /* AppDelegate.swift in Sources */,
			);
			runOnlyForDeploymentPostprocessing = 0;
		};
		7BD1381B2051DB0C0055F982 /* Sources */ = {
			isa = PBXSourcesBuildPhase;
			buildActionMask = 2147483647;
			files = (
				7BD138242051DB0C0055F982 /* BlockFrenzyTests.swift in Sources */,
			);
			runOnlyForDeploymentPostprocessing = 0;
		};
		7BD138262051DB0C0055F982 /* Sources */ = {
			isa = PBXSourcesBuildPhase;
			buildActionMask = 2147483647;
			files = (
				7BD1382F2051DB0C0055F982 /* BlockFrenzyUITests.swift in Sources */,
			);
			runOnlyForDeploymentPostprocessing = 0;
		};
/* End PBXSourcesBuildPhase section */

/* Begin PBXTargetDependency section */
		7BD138212051DB0C0055F982 /* PBXTargetDependency */ = {
			isa = PBXTargetDependency;
			target = 7BD138042051DB0C0055F982 /* BlockFrenzy */;
			targetProxy = 7BD138202051DB0C0055F982 /* PBXContainerItemProxy */;
		};
		7BD1382C2051DB0C0055F982 /* PBXTargetDependency */ = {
			isa = PBXTargetDependency;
			target = 7BD138042051DB0C0055F982 /* BlockFrenzy */;
			targetProxy = 7BD1382B2051DB0C0055F982 /* PBXContainerItemProxy */;
		};
/* End PBXTargetDependency section */

/* Begin PBXVariantGroup section */
		7BD138122051DB0C0055F982 /* Main.storyboard */ = {
			isa = PBXVariantGroup;
			children = (
				7BD138132051DB0C0055F982 /* Base */,
			);
			name = Main.storyboard;
			sourceTree = "<group>";
		};
		7BD138172051DB0C0055F982 /* LaunchScreen.storyboard */ = {
			isa = PBXVariantGroup;
			children = (
				7BD138182051DB0C0055F982 /* Base */,
			);
			name = LaunchScreen.storyboard;
			sourceTree = "<group>";
		};
/* End PBXVariantGroup section */

/* Begin XCBuildConfiguration section */
		7BD138312051DB0C0055F982 /* Debug */ = {
			isa = XCBuildConfiguration;
			buildSettings = {
				ALWAYS_SEARCH_USER_PATHS = NO;
				CLANG_ANALYZER_NONNULL = YES;
				CLANG_ANALYZER_NUMBER_OBJECT_CONVERSION = YES_AGGRESSIVE;
				CLANG_CXX_LANGUAGE_STANDARD = "gnu++14";
				CLANG_CXX_LIBRARY = "libc++";
				CLANG_ENABLE_MODULES = YES;
				CLANG_ENABLE_OBJC_ARC = YES;
				CLANG_WARN_BLOCK_CAPTURE_AUTORELEASING = YES;
				CLANG_WARN_BOOL_CONVERSION = YES;
				CLANG_WARN_COMMA = YES;
				CLANG_WARN_CONSTANT_CONVERSION = YES;
				CLANG_WARN_DIRECT_OBJC_ISA_USAGE = YES_ERROR;
				CLANG_WARN_DOCUMENTATION_COMMENTS = YES;
				CLANG_WARN_EMPTY_BODY = YES;
				CLANG_WARN_ENUM_CONVERSION = YES;
				CLANG_WARN_INFINITE_RECURSION = YES;
				CLANG_WARN_INT_CONVERSION = YES;
				CLANG_WARN_NON_LITERAL_NULL_CONVERSION = YES;
				CLANG_WARN_OBJC_LITERAL_CONVERSION = YES;
				CLANG_WARN_OBJC_ROOT_CLASS = YES_ERROR;
				CLANG_WARN_RANGE_LOOP_ANALYSIS = YES;
				CLANG_WARN_STRICT_PROTOTYPES = YES;
				CLANG_WARN_SUSPICIOUS_MOVE = YES;
				CLANG_WARN_UNGUARDED_AVAILABILITY = YES_AGGRESSIVE;
				CLANG_WARN_UNREACHABLE_CODE = YES;
				CLANG_WARN__DUPLICATE_METHOD_MATCH = YES;
				CODE_SIGN_IDENTITY = "iPhone Developer";
				COPY_PHASE_STRIP = NO;
				DEBUG_INFORMATION_FORMAT = dwarf;
				ENABLE_STRICT_OBJC_MSGSEND = YES;
				ENABLE_TESTABILITY = YES;
				GCC_C_LANGUAGE_STANDARD = gnu11;
				GCC_DYNAMIC_NO_PIC = NO;
				GCC_NO_COMMON_BLOCKS = YES;
				GCC_OPTIMIZATION_LEVEL = 0;
				GCC_PREPROCESSOR_DEFINITIONS = (
					"DEBUG=1",
					"$(inherited)",
				);
				GCC_WARN_64_TO_32_BIT_CONVERSION = YES;
				GCC_WARN_ABOUT_RETURN_TYPE = YES_ERROR;
				GCC_WARN_UNDECLARED_SELECTOR = YES;
				GCC_WARN_UNINITIALIZED_AUTOS = YES_AGGRESSIVE;
				GCC_WARN_UNUSED_FUNCTION = YES;
				GCC_WARN_UNUSED_VARIABLE = YES;
				IPHONEOS_DEPLOYMENT_TARGET = 11.2;
				MTL_ENABLE_DEBUG_INFO = YES;
				ONLY_ACTIVE_ARCH = YES;
				SDKROOT = iphoneos;
				SWIFT_ACTIVE_COMPILATION_CONDITIONS = DEBUG;
				SWIFT_OPTIMIZATION_LEVEL = "-Onone";
			};
			name = Debug;
		};
		7BD138322051DB0C0055F982 /* Release */ = {
			isa = XCBuildConfiguration;
			buildSettings = {
				ALWAYS_SEARCH_USER_PATHS = NO;
				CLANG_ANALYZER_NONNULL = YES;
				CLANG_ANALYZER_NUMBER_OBJECT_CONVERSION = YES_AGGRESSIVE;
				CLANG_CXX_LANGUAGE_STANDARD = "gnu++14";
				CLANG_CXX_LIBRARY = "libc++";
				CLANG_ENABLE_MODULES = YES;
				CLANG_ENABLE_OBJC_ARC = YES;
				CLANG_WARN_BLOCK_CAPTURE_AUTORELEASING = YES;
				CLANG_WARN_BOOL_CONVERSION = YES;
				CLANG_WARN_COMMA = YES;
				CLANG_WARN_CONSTANT_CONVERSION = YES;
				CLANG_WARN_DIRECT_OBJC_ISA_USAGE = YES_ERROR;
				CLANG_WARN_DOCUMENTATION_COMMENTS = YES;
				CLANG_WARN_EMPTY_BODY = YES;
				CLANG_WARN_ENUM_CONVERSION = YES;
				CLANG_WARN_INFINITE_RECURSION = YES;
				CLANG_WARN_INT_CONVERSION = YES;
				CLANG_WARN_NON_LITERAL_NULL_CONVERSION = YES;
				CLANG_WARN_OBJC_LITERAL_CONVERSION = YES;
				CLANG_WARN_OBJC_ROOT_CLASS = YES_ERROR;
				CLANG_WARN_RANGE_LOOP_ANALYSIS = YES;
				CLANG_WARN_STRICT_PROTOTYPES = YES;
				CLANG_WARN_SUSPICIOUS_MOVE = YES;
				CLANG_WARN_UNGUARDED_AVAILABILITY = YES_AGGRESSIVE;
				CLANG_WARN_UNREACHABLE_CODE = YES;
				CLANG_WARN__DUPLICATE_METHOD_MATCH = YES;
				CODE_SIGN_IDENTITY = "iPhone Developer";
				COPY_PHASE_STRIP = NO;
				DEBUG_INFORMATION_FORMAT = "dwarf-with-dsym";
				ENABLE_NS_ASSERTIONS = NO;
				ENABLE_STRICT_OBJC_MSGSEND = YES;
				GCC_C_LANGUAGE_STANDARD = gnu11;
				GCC_NO_COMMON_BLOCKS = YES;
				GCC_WARN_64_TO_32_BIT_CONVERSION = YES;
				GCC_WARN_ABOUT_RETURN_TYPE = YES_ERROR;
				GCC_WARN_UNDECLARED_SELECTOR = YES;
				GCC_WARN_UNINITIALIZED_AUTOS = YES_AGGRESSIVE;
				GCC_WARN_UNUSED_FUNCTION = YES;
				GCC_WARN_UNUSED_VARIABLE = YES;
				IPHONEOS_DEPLOYMENT_TARGET = 11.2;
				MTL_ENABLE_DEBUG_INFO = NO;
				SDKROOT = iphoneos;
				SWIFT_OPTIMIZATION_LEVEL = "-Owholemodule";
				VALIDATE_PRODUCT = YES;
			};
			name = Release;
		};
		7BD138342051DB0C0055F982 /* Debug */ = {
			isa = XCBuildConfiguration;
			buildSettings = {
				ASSETCATALOG_COMPILER_APPICON_NAME = AppIcon;
				CODE_SIGN_STYLE = Automatic;
				INFOPLIST_FILE = BlockFrenzy/Info.plist;
				LD_RUNPATH_SEARCH_PATHS = "$(inherited) @executable_path/Frameworks";
				PRODUCT_BUNDLE_IDENTIFIER = "David-Ouff.BlockFrenzy";
				PRODUCT_NAME = "$(TARGET_NAME)";
				SWIFT_VERSION = 4.0;
				TARGETED_DEVICE_FAMILY = "1,2";
			};
			name = Debug;
		};
		7BD138352051DB0C0055F982 /* Release */ = {
			isa = XCBuildConfiguration;
			buildSettings = {
				ASSETCATALOG_COMPILER_APPICON_NAME = AppIcon;
				CODE_SIGN_STYLE = Automatic;
				INFOPLIST_FILE = BlockFrenzy/Info.plist;
				LD_RUNPATH_SEARCH_PATHS = "$(inherited) @executable_path/Frameworks";
				PRODUCT_BUNDLE_IDENTIFIER = "David-Ouff.BlockFrenzy";
				PRODUCT_NAME = "$(TARGET_NAME)";
				SWIFT_VERSION = 4.0;
				TARGETED_DEVICE_FAMILY = "1,2";
			};
			name = Release;
		};
		7BD138372051DB0C0055F982 /* Debug */ = {
			isa = XCBuildConfiguration;
			buildSettings = {
				ALWAYS_EMBED_SWIFT_STANDARD_LIBRARIES = YES;
				BUNDLE_LOADER = "$(TEST_HOST)";
				CODE_SIGN_STYLE = Automatic;
				INFOPLIST_FILE = BlockFrenzyTests/Info.plist;
				LD_RUNPATH_SEARCH_PATHS = "$(inherited) @executable_path/Frameworks @loader_path/Frameworks";
				PRODUCT_BUNDLE_IDENTIFIER = "David-Ouff.BlockFrenzyTests";
				PRODUCT_NAME = "$(TARGET_NAME)";
				SWIFT_VERSION = 4.0;
				TARGETED_DEVICE_FAMILY = "1,2";
				TEST_HOST = "$(BUILT_PRODUCTS_DIR)/BlockFrenzy.app/BlockFrenzy";
			};
			name = Debug;
		};
		7BD138382051DB0C0055F982 /* Release */ = {
			isa = XCBuildConfiguration;
			buildSettings = {
				ALWAYS_EMBED_SWIFT_STANDARD_LIBRARIES = YES;
				BUNDLE_LOADER = "$(TEST_HOST)";
				CODE_SIGN_STYLE = Automatic;
				INFOPLIST_FILE = BlockFrenzyTests/Info.plist;
				LD_RUNPATH_SEARCH_PATHS = "$(inherited) @executable_path/Frameworks @loader_path/Frameworks";
				PRODUCT_BUNDLE_IDENTIFIER = "David-Ouff.BlockFrenzyTests";
				PRODUCT_NAME = "$(TARGET_NAME)";
				SWIFT_VERSION = 4.0;
				TARGETED_DEVICE_FAMILY = "1,2";
				TEST_HOST = "$(BUILT_PRODUCTS_DIR)/BlockFrenzy.app/BlockFrenzy";
			};
			name = Release;
		};
		7BD1383A2051DB0C0055F982 /* Debug */ = {
			isa = XCBuildConfiguration;
			buildSettings = {
				ALWAYS_EMBED_SWIFT_STANDARD_LIBRARIES = YES;
				CODE_SIGN_STYLE = Automatic;
				INFOPLIST_FILE = BlockFrenzyUITests/Info.plist;
				LD_RUNPATH_SEARCH_PATHS = "$(inherited) @executable_path/Frameworks @loader_path/Frameworks";
				PRODUCT_BUNDLE_IDENTIFIER = "David-Ouff.BlockFrenzyUITests";
				PRODUCT_NAME = "$(TARGET_NAME)";
				SWIFT_VERSION = 4.0;
				TARGETED_DEVICE_FAMILY = "1,2";
				TEST_TARGET_NAME = BlockFrenzy;
			};
			name = Debug;
		};
		7BD1383B2051DB0C0055F982 /* Release */ = {
			isa = XCBuildConfiguration;
			buildSettings = {
				ALWAYS_EMBED_SWIFT_STANDARD_LIBRARIES = YES;
				CODE_SIGN_STYLE = Automatic;
				INFOPLIST_FILE = BlockFrenzyUITests/Info.plist;
				LD_RUNPATH_SEARCH_PATHS = "$(inherited) @executable_path/Frameworks @loader_path/Frameworks";
				PRODUCT_BUNDLE_IDENTIFIER = "David-Ouff.BlockFrenzyUITests";
				PRODUCT_NAME = "$(TARGET_NAME)";
				SWIFT_VERSION = 4.0;
				TARGETED_DEVICE_FAMILY = "1,2";
				TEST_TARGET_NAME = BlockFrenzy;
			};
			name = Release;
		};
/* End XCBuildConfiguration section */

/* Begin XCConfigurationList section */
		7BD138002051DB0C0055F982 /* Build configuration list for PBXProject "BlockFrenzy" */ = {
			isa = XCConfigurationList;
			buildConfigurations = (
				7BD138312051DB0C0055F982 /* Debug */,
				7BD138322051DB0C0055F982 /* Release */,
			);
			defaultConfigurationIsVisible = 0;
			defaultConfigurationName = Release;
		};
		7BD138332051DB0C0055F982 /* Build configuration list for PBXNativeTarget "BlockFrenzy" */ = {
			isa = XCConfigurationList;
			buildConfigurations = (
				7BD138342051DB0C0055F982 /* Debug */,
				7BD138352051DB0C0055F982 /* Release */,
			);
			defaultConfigurationIsVisible = 0;
			defaultConfigurationName = Release;
		};
		7BD138362051DB0C0055F982 /* Build configuration list for PBXNativeTarget "BlockFrenzyTests" */ = {
			isa = XCConfigurationList;
			buildConfigurations = (
				7BD138372051DB0C0055F982 /* Debug */,
				7BD138382051DB0C0055F982 /* Release */,
			);
			defaultConfigurationIsVisible = 0;
			defaultConfigurationName = Release;
		};
		7BD138392051DB0C0055F982 /* Build configuration list for PBXNativeTarget "BlockFrenzyUITests" */ = {
			isa = XCConfigurationList;
			buildConfigurations = (
				7BD1383A2051DB0C0055F982 /* Debug */,
				7BD1383B2051DB0C0055F982 /* Release */,
			);
			defaultConfigurationIsVisible = 0;
			defaultConfigurationName = Release;
		};
/* End XCConfigurationList section */
	};
	rootObject = 7BD137FD2051DB0C0055F982 /* Project object */;
}
