// !$*UTF8*$!
{
	archiveVersion = 1;
	classes = {
	};
	objectVersion = 48;
	objects = {

/* Begin PBXBuildFile section */
		1A32D5BC2062A23B00372E76 /* level.txt in Resources */ = {isa = PBXBuildFile; fileRef = 1A32D5BB2062A23B00372E76 /* level.txt */; };
		3027808C20646B4600AC2AE7 /* GraphNode.swift in Sources */ = {isa = PBXBuildFile; fileRef = 3027808B20646B4600AC2AE7 /* GraphNode.swift */; };
		30A9AF5720489B13005F3D6F /* AppDelegate.swift in Sources */ = {isa = PBXBuildFile; fileRef = 30A9AF5620489B13005F3D6F /* AppDelegate.swift */; };
		30A9AF5D20489B13005F3D6F /* GameScene.swift in Sources */ = {isa = PBXBuildFile; fileRef = 30A9AF5C20489B13005F3D6F /* GameScene.swift */; };
		30A9AF5F20489B13005F3D6F /* GameViewController.swift in Sources */ = {isa = PBXBuildFile; fileRef = 30A9AF5E20489B13005F3D6F /* GameViewController.swift */; };
		30A9AF6220489B13005F3D6F /* Main.storyboard in Resources */ = {isa = PBXBuildFile; fileRef = 30A9AF6020489B13005F3D6F /* Main.storyboard */; };
		30A9AF6420489B13005F3D6F /* Assets.xcassets in Resources */ = {isa = PBXBuildFile; fileRef = 30A9AF6320489B13005F3D6F /* Assets.xcassets */; };
		30A9AF6720489B13005F3D6F /* LaunchScreen.storyboard in Resources */ = {isa = PBXBuildFile; fileRef = 30A9AF6520489B13005F3D6F /* LaunchScreen.storyboard */; };
		30B5D8B2206444CC00C63044 /* Updatable.swift in Sources */ = {isa = PBXBuildFile; fileRef = 30B5D8AE206444CC00C63044 /* Updatable.swift */; };
		30B5D8B3206444CC00C63044 /* Touchable.swift in Sources */ = {isa = PBXBuildFile; fileRef = 30B5D8AF206444CC00C63044 /* Touchable.swift */; };
		30B5D8B4206444CC00C63044 /* Projectile.swift in Sources */ = {isa = PBXBuildFile; fileRef = 30B5D8B0206444CC00C63044 /* Projectile.swift */; };
		30B5D8B5206444CC00C63044 /* TowerButton.swift in Sources */ = {isa = PBXBuildFile; fileRef = 30B5D8B1206444CC00C63044 /* TowerButton.swift */; };
		30F226BA2051DE8900AE32BC /* MainMenuViewController.swift in Sources */ = {isa = PBXBuildFile; fileRef = 30F226B92051DE8900AE32BC /* MainMenuViewController.swift */; };
		30F226BC2051EB7A00AE32BC /* GridGameScene.swift in Sources */ = {isa = PBXBuildFile; fileRef = 30F226BB2051EB7A00AE32BC /* GridGameScene.swift */; };
		F87362982051E19A003CBCA7 /* BaseGameObject.swift in Sources */ = {isa = PBXBuildFile; fileRef = F87362972051E19A003CBCA7 /* BaseGameObject.swift */; };
		F873629A2051E235003CBCA7 /* Enemy.swift in Sources */ = {isa = PBXBuildFile; fileRef = F87362992051E235003CBCA7 /* Enemy.swift */; };
		F873629C2051E259003CBCA7 /* Tower.swift in Sources */ = {isa = PBXBuildFile; fileRef = F873629B2051E259003CBCA7 /* Tower.swift */; };
		F873629E2051E2D0003CBCA7 /* Base.swift in Sources */ = {isa = PBXBuildFile; fileRef = F873629D2051E2D0003CBCA7 /* Base.swift */; };
		F87362A02051E321003CBCA7 /* Level.swift in Sources */ = {isa = PBXBuildFile; fileRef = F873629F2051E321003CBCA7 /* Level.swift */; };
/* End PBXBuildFile section */

/* Begin PBXContainerItemProxy section */
		30A9AF6E20489B13005F3D6F /* PBXContainerItemProxy */ = {
			isa = PBXContainerItemProxy;
			containerPortal = 30A9AF4B20489B13005F3D6F /* Project object */;
			proxyType = 1;
			remoteGlobalIDString = 30A9AF5220489B13005F3D6F;
			remoteInfo = XPaceInvaders;
		};
		30A9AF7920489B13005F3D6F /* PBXContainerItemProxy */ = {
			isa = PBXContainerItemProxy;
			containerPortal = 30A9AF4B20489B13005F3D6F /* Project object */;
			proxyType = 1;
			remoteGlobalIDString = 30A9AF5220489B13005F3D6F;
			remoteInfo = XPaceInvaders;
		};
/* End PBXContainerItemProxy section */

/* Begin PBXFileReference section */
		1A32D5BB2062A23B00372E76 /* level.txt */ = {isa = PBXFileReference; fileEncoding = 4; lastKnownFileType = text; path = level.txt; sourceTree = "<group>"; };
		3027808B20646B4600AC2AE7 /* GraphNode.swift */ = {isa = PBXFileReference; lastKnownFileType = sourcecode.swift; path = GraphNode.swift; sourceTree = "<group>"; };
		30A9AF5320489B13005F3D6F /* XPaceInvaders.app */ = {isa = PBXFileReference; explicitFileType = wrapper.application; includeInIndex = 0; path = XPaceInvaders.app; sourceTree = BUILT_PRODUCTS_DIR; };
		30A9AF5620489B13005F3D6F /* AppDelegate.swift */ = {isa = PBXFileReference; lastKnownFileType = sourcecode.swift; path = AppDelegate.swift; sourceTree = "<group>"; };
		30A9AF5C20489B13005F3D6F /* GameScene.swift */ = {isa = PBXFileReference; lastKnownFileType = sourcecode.swift; path = GameScene.swift; sourceTree = "<group>"; };
		30A9AF5E20489B13005F3D6F /* GameViewController.swift */ = {isa = PBXFileReference; lastKnownFileType = sourcecode.swift; path = GameViewController.swift; sourceTree = "<group>"; };
		30A9AF6120489B13005F3D6F /* Base */ = {isa = PBXFileReference; lastKnownFileType = file.storyboard; name = Base; path = Base.lproj/Main.storyboard; sourceTree = "<group>"; };
		30A9AF6320489B13005F3D6F /* Assets.xcassets */ = {isa = PBXFileReference; lastKnownFileType = folder.assetcatalog; path = Assets.xcassets; sourceTree = "<group>"; };
		30A9AF6620489B13005F3D6F /* Base */ = {isa = PBXFileReference; lastKnownFileType = file.storyboard; name = Base; path = Base.lproj/LaunchScreen.storyboard; sourceTree = "<group>"; };
		30A9AF6820489B13005F3D6F /* Info.plist */ = {isa = PBXFileReference; lastKnownFileType = text.plist.xml; path = Info.plist; sourceTree = "<group>"; };
		30A9AF6D20489B13005F3D6F /* XPaceInvadersTests.xctest */ = {isa = PBXFileReference; explicitFileType = wrapper.cfbundle; includeInIndex = 0; path = XPaceInvadersTests.xctest; sourceTree = BUILT_PRODUCTS_DIR; };
		30A9AF7820489B13005F3D6F /* XPaceInvadersUITests.xctest */ = {isa = PBXFileReference; explicitFileType = wrapper.cfbundle; includeInIndex = 0; path = XPaceInvadersUITests.xctest; sourceTree = BUILT_PRODUCTS_DIR; };
		30B5D8AE206444CC00C63044 /* Updatable.swift */ = {isa = PBXFileReference; fileEncoding = 4; lastKnownFileType = sourcecode.swift; path = Updatable.swift; sourceTree = "<group>"; };
		30B5D8AF206444CC00C63044 /* Touchable.swift */ = {isa = PBXFileReference; fileEncoding = 4; lastKnownFileType = sourcecode.swift; path = Touchable.swift; sourceTree = "<group>"; };
		30B5D8B0206444CC00C63044 /* Projectile.swift */ = {isa = PBXFileReference; fileEncoding = 4; lastKnownFileType = sourcecode.swift; path = Projectile.swift; sourceTree = "<group>"; };
		30B5D8B1206444CC00C63044 /* TowerButton.swift */ = {isa = PBXFileReference; fileEncoding = 4; lastKnownFileType = sourcecode.swift; path = TowerButton.swift; sourceTree = "<group>"; };
		30F226B92051DE8900AE32BC /* MainMenuViewController.swift */ = {isa = PBXFileReference; lastKnownFileType = sourcecode.swift; path = MainMenuViewController.swift; sourceTree = "<group>"; };
		30F226BB2051EB7A00AE32BC /* GridGameScene.swift */ = {isa = PBXFileReference; lastKnownFileType = sourcecode.swift; path = GridGameScene.swift; sourceTree = "<group>"; };
		F87362972051E19A003CBCA7 /* BaseGameObject.swift */ = {isa = PBXFileReference; lastKnownFileType = sourcecode.swift; path = BaseGameObject.swift; sourceTree = "<group>"; };
		F87362992051E235003CBCA7 /* Enemy.swift */ = {isa = PBXFileReference; lastKnownFileType = sourcecode.swift; path = Enemy.swift; sourceTree = "<group>"; };
		F873629B2051E259003CBCA7 /* Tower.swift */ = {isa = PBXFileReference; lastKnownFileType = sourcecode.swift; path = Tower.swift; sourceTree = "<group>"; };
		F873629D2051E2D0003CBCA7 /* Base.swift */ = {isa = PBXFileReference; lastKnownFileType = sourcecode.swift; path = Base.swift; sourceTree = "<group>"; };
		F873629F2051E321003CBCA7 /* Level.swift */ = {isa = PBXFileReference; lastKnownFileType = sourcecode.swift; path = Level.swift; sourceTree = "<group>"; };
/* End PBXFileReference section */

/* Begin PBXFrameworksBuildPhase section */
		30A9AF5020489B13005F3D6F /* Frameworks */ = {
			isa = PBXFrameworksBuildPhase;
			buildActionMask = 2147483647;
			files = (
			);
			runOnlyForDeploymentPostprocessing = 0;
		};
		30A9AF6A20489B13005F3D6F /* Frameworks */ = {
			isa = PBXFrameworksBuildPhase;
			buildActionMask = 2147483647;
			files = (
			);
			runOnlyForDeploymentPostprocessing = 0;
		};
		30A9AF7520489B13005F3D6F /* Frameworks */ = {
			isa = PBXFrameworksBuildPhase;
			buildActionMask = 2147483647;
			files = (
			);
			runOnlyForDeploymentPostprocessing = 0;
		};
/* End PBXFrameworksBuildPhase section */

/* Begin PBXGroup section */
		30A9AF4A20489B13005F3D6F = {
			isa = PBXGroup;
			children = (
				30A9AF5520489B13005F3D6F /* XPaceInvaders */,
				30A9AF5420489B13005F3D6F /* Products */,
			);
			sourceTree = "<group>";
		};
		30A9AF5420489B13005F3D6F /* Products */ = {
			isa = PBXGroup;
			children = (
				30A9AF5320489B13005F3D6F /* XPaceInvaders.app */,
				30A9AF6D20489B13005F3D6F /* XPaceInvadersTests.xctest */,
				30A9AF7820489B13005F3D6F /* XPaceInvadersUITests.xctest */,
			);
			name = Products;
			sourceTree = "<group>";
		};
		30A9AF5520489B13005F3D6F /* XPaceInvaders */ = {
			isa = PBXGroup;
			children = (
				30B5D8B0206444CC00C63044 /* Projectile.swift */,
				30B5D8AF206444CC00C63044 /* Touchable.swift */,
				30B5D8B1206444CC00C63044 /* TowerButton.swift */,
				30B5D8AE206444CC00C63044 /* Updatable.swift */,
				1A32D5BB2062A23B00372E76 /* level.txt */,
				30A9AF5620489B13005F3D6F /* AppDelegate.swift */,
				30A9AF5C20489B13005F3D6F /* GameScene.swift */,
				F87362972051E19A003CBCA7 /* BaseGameObject.swift */,
				F873629F2051E321003CBCA7 /* Level.swift */,
				F87362992051E235003CBCA7 /* Enemy.swift */,
				F873629D2051E2D0003CBCA7 /* Base.swift */,
				F873629B2051E259003CBCA7 /* Tower.swift */,
				30A9AF5E20489B13005F3D6F /* GameViewController.swift */,
				30A9AF6020489B13005F3D6F /* Main.storyboard */,
				30A9AF6320489B13005F3D6F /* Assets.xcassets */,
				30A9AF6520489B13005F3D6F /* LaunchScreen.storyboard */,
				30A9AF6820489B13005F3D6F /* Info.plist */,
				30F226B92051DE8900AE32BC /* MainMenuViewController.swift */,
				30F226BB2051EB7A00AE32BC /* GridGameScene.swift */,
				3027808B20646B4600AC2AE7 /* GraphNode.swift */,
			);
			path = XPaceInvaders;
			sourceTree = "<group>";
		};
/* End PBXGroup section */

/* Begin PBXNativeTarget section */
		30A9AF5220489B13005F3D6F /* XPaceInvaders */ = {
			isa = PBXNativeTarget;
			buildConfigurationList = 30A9AF8120489B13005F3D6F /* Build configuration list for PBXNativeTarget "XPaceInvaders" */;
			buildPhases = (
				30A9AF4F20489B13005F3D6F /* Sources */,
				30A9AF5020489B13005F3D6F /* Frameworks */,
				30A9AF5120489B13005F3D6F /* Resources */,
			);
			buildRules = (
			);
			dependencies = (
			);
			name = XPaceInvaders;
			productName = XPaceInvaders;
			productReference = 30A9AF5320489B13005F3D6F /* XPaceInvaders.app */;
			productType = "com.apple.product-type.application";
		};
		30A9AF6C20489B13005F3D6F /* XPaceInvadersTests */ = {
			isa = PBXNativeTarget;
			buildConfigurationList = 30A9AF8420489B13005F3D6F /* Build configuration list for PBXNativeTarget "XPaceInvadersTests" */;
			buildPhases = (
				30A9AF6920489B13005F3D6F /* Sources */,
				30A9AF6A20489B13005F3D6F /* Frameworks */,
				30A9AF6B20489B13005F3D6F /* Resources */,
			);
			buildRules = (
			);
			dependencies = (
				30A9AF6F20489B13005F3D6F /* PBXTargetDependency */,
			);
			name = XPaceInvadersTests;
			productName = XPaceInvadersTests;
			productReference = 30A9AF6D20489B13005F3D6F /* XPaceInvadersTests.xctest */;
			productType = "com.apple.product-type.bundle.unit-test";
		};
		30A9AF7720489B13005F3D6F /* XPaceInvadersUITests */ = {
			isa = PBXNativeTarget;
			buildConfigurationList = 30A9AF8720489B13005F3D6F /* Build configuration list for PBXNativeTarget "XPaceInvadersUITests" */;
			buildPhases = (
				30A9AF7420489B13005F3D6F /* Sources */,
				30A9AF7520489B13005F3D6F /* Frameworks */,
				30A9AF7620489B13005F3D6F /* Resources */,
			);
			buildRules = (
			);
			dependencies = (
				30A9AF7A20489B13005F3D6F /* PBXTargetDependency */,
			);
			name = XPaceInvadersUITests;
			productName = XPaceInvadersUITests;
			productReference = 30A9AF7820489B13005F3D6F /* XPaceInvadersUITests.xctest */;
			productType = "com.apple.product-type.bundle.ui-testing";
		};
/* End PBXNativeTarget section */

/* Begin PBXProject section */
		30A9AF4B20489B13005F3D6F /* Project object */ = {
			isa = PBXProject;
			attributes = {
				LastSwiftUpdateCheck = 0920;
				LastUpgradeCheck = 0920;
				ORGANIZATIONNAME = "Fonseca Barbalho Talis";
				TargetAttributes = {
					30A9AF5220489B13005F3D6F = {
						CreatedOnToolsVersion = 9.2;
						ProvisioningStyle = Automatic;
					};
					30A9AF6C20489B13005F3D6F = {
						CreatedOnToolsVersion = 9.2;
						ProvisioningStyle = Automatic;
						TestTargetID = 30A9AF5220489B13005F3D6F;
					};
					30A9AF7720489B13005F3D6F = {
						CreatedOnToolsVersion = 9.2;
						ProvisioningStyle = Automatic;
						TestTargetID = 30A9AF5220489B13005F3D6F;
					};
				};
			};
			buildConfigurationList = 30A9AF4E20489B13005F3D6F /* Build configuration list for PBXProject "XPaceInvaders" */;
			compatibilityVersion = "Xcode 8.0";
			developmentRegion = en;
			hasScannedForEncodings = 0;
			knownRegions = (
				en,
				Base,
			);
			mainGroup = 30A9AF4A20489B13005F3D6F;
			productRefGroup = 30A9AF5420489B13005F3D6F /* Products */;
			projectDirPath = "";
			projectRoot = "";
			targets = (
				30A9AF5220489B13005F3D6F /* XPaceInvaders */,
				30A9AF6C20489B13005F3D6F /* XPaceInvadersTests */,
				30A9AF7720489B13005F3D6F /* XPaceInvadersUITests */,
			);
		};
/* End PBXProject section */

/* Begin PBXResourcesBuildPhase section */
		30A9AF5120489B13005F3D6F /* Resources */ = {
			isa = PBXResourcesBuildPhase;
			buildActionMask = 2147483647;
			files = (
				30A9AF6220489B13005F3D6F /* Main.storyboard in Resources */,
				30A9AF6420489B13005F3D6F /* Assets.xcassets in Resources */,
				30A9AF6720489B13005F3D6F /* LaunchScreen.storyboard in Resources */,
				1A32D5BC2062A23B00372E76 /* level.txt in Resources */,
			);
			runOnlyForDeploymentPostprocessing = 0;
		};
		30A9AF6B20489B13005F3D6F /* Resources */ = {
			isa = PBXResourcesBuildPhase;
			buildActionMask = 2147483647;
			files = (
			);
			runOnlyForDeploymentPostprocessing = 0;
		};
		30A9AF7620489B13005F3D6F /* Resources */ = {
			isa = PBXResourcesBuildPhase;
			buildActionMask = 2147483647;
			files = (
			);
			runOnlyForDeploymentPostprocessing = 0;
		};
/* End PBXResourcesBuildPhase section */

/* Begin PBXSourcesBuildPhase section */
		30A9AF4F20489B13005F3D6F /* Sources */ = {
			isa = PBXSourcesBuildPhase;
			buildActionMask = 2147483647;
			files = (
				30F226BA2051DE8900AE32BC /* MainMenuViewController.swift in Sources */,
				30A9AF5D20489B13005F3D6F /* GameScene.swift in Sources */,
				30A9AF5F20489B13005F3D6F /* GameViewController.swift in Sources */,
				30B5D8B4206444CC00C63044 /* Projectile.swift in Sources */,
				30B5D8B2206444CC00C63044 /* Updatable.swift in Sources */,
				F873629C2051E259003CBCA7 /* Tower.swift in Sources */,
				30B5D8B3206444CC00C63044 /* Touchable.swift in Sources */,
				30B5D8B5206444CC00C63044 /* TowerButton.swift in Sources */,
				30A9AF5720489B13005F3D6F /* AppDelegate.swift in Sources */,
				F873629A2051E235003CBCA7 /* Enemy.swift in Sources */,
				3027808C20646B4600AC2AE7 /* GraphNode.swift in Sources */,
				F873629E2051E2D0003CBCA7 /* Base.swift in Sources */,
				F87362A02051E321003CBCA7 /* Level.swift in Sources */,
				30F226BC2051EB7A00AE32BC /* GridGameScene.swift in Sources */,
				F87362982051E19A003CBCA7 /* BaseGameObject.swift in Sources */,
			);
			runOnlyForDeploymentPostprocessing = 0;
		};
		30A9AF6920489B13005F3D6F /* Sources */ = {
			isa = PBXSourcesBuildPhase;
			buildActionMask = 2147483647;
			files = (
			);
			runOnlyForDeploymentPostprocessing = 0;
		};
		30A9AF7420489B13005F3D6F /* Sources */ = {
			isa = PBXSourcesBuildPhase;
			buildActionMask = 2147483647;
			files = (
			);
			runOnlyForDeploymentPostprocessing = 0;
		};
/* End PBXSourcesBuildPhase section */

/* Begin PBXTargetDependency section */
		30A9AF6F20489B13005F3D6F /* PBXTargetDependency */ = {
			isa = PBXTargetDependency;
			target = 30A9AF5220489B13005F3D6F /* XPaceInvaders */;
			targetProxy = 30A9AF6E20489B13005F3D6F /* PBXContainerItemProxy */;
		};
		30A9AF7A20489B13005F3D6F /* PBXTargetDependency */ = {
			isa = PBXTargetDependency;
			target = 30A9AF5220489B13005F3D6F /* XPaceInvaders */;
			targetProxy = 30A9AF7920489B13005F3D6F /* PBXContainerItemProxy */;
		};
/* End PBXTargetDependency section */

/* Begin PBXVariantGroup section */
		30A9AF6020489B13005F3D6F /* Main.storyboard */ = {
			isa = PBXVariantGroup;
			children = (
				30A9AF6120489B13005F3D6F /* Base */,
			);
			name = Main.storyboard;
			sourceTree = "<group>";
		};
		30A9AF6520489B13005F3D6F /* LaunchScreen.storyboard */ = {
			isa = PBXVariantGroup;
			children = (
				30A9AF6620489B13005F3D6F /* Base */,
			);
			name = LaunchScreen.storyboard;
			sourceTree = "<group>";
		};
/* End PBXVariantGroup section */

/* Begin XCBuildConfiguration section */
		30A9AF7F20489B13005F3D6F /* Debug */ = {
			isa = XCBuildConfiguration;
			buildSettings = {
				ALWAYS_SEARCH_USER_PATHS = NO;
				CLANG_ANALYZER_NONNULL = YES;
				CLANG_ANALYZER_NUMBER_OBJECT_CONVERSION = YES_AGGRESSIVE;
				CLANG_CXX_LANGUAGE_STANDARD = "gnu++14";
				CLANG_CXX_LIBRARY = "libc++";
				CLANG_ENABLE_MODULES = YES;
				CLANG_ENABLE_OBJC_ARC = YES;
				CLANG_WARN_BLOCK_CAPTURE_AUTORELEASING = YES;
				CLANG_WARN_BOOL_CONVERSION = YES;
				CLANG_WARN_COMMA = YES;
				CLANG_WARN_CONSTANT_CONVERSION = YES;
				CLANG_WARN_DIRECT_OBJC_ISA_USAGE = YES_ERROR;
				CLANG_WARN_DOCUMENTATION_COMMENTS = YES;
				CLANG_WARN_EMPTY_BODY = YES;
				CLANG_WARN_ENUM_CONVERSION = YES;
				CLANG_WARN_INFINITE_RECURSION = YES;
				CLANG_WARN_INT_CONVERSION = YES;
				CLANG_WARN_NON_LITERAL_NULL_CONVERSION = YES;
				CLANG_WARN_OBJC_LITERAL_CONVERSION = YES;
				CLANG_WARN_OBJC_ROOT_CLASS = YES_ERROR;
				CLANG_WARN_RANGE_LOOP_ANALYSIS = YES;
				CLANG_WARN_STRICT_PROTOTYPES = YES;
				CLANG_WARN_SUSPICIOUS_MOVE = YES;
				CLANG_WARN_UNGUARDED_AVAILABILITY = YES_AGGRESSIVE;
				CLANG_WARN_UNREACHABLE_CODE = YES;
				CLANG_WARN__DUPLICATE_METHOD_MATCH = YES;
				CODE_SIGN_IDENTITY = "iPhone Developer";
				COPY_PHASE_STRIP = NO;
				DEBUG_INFORMATION_FORMAT = dwarf;
				ENABLE_STRICT_OBJC_MSGSEND = YES;
				ENABLE_TESTABILITY = YES;
				GCC_C_LANGUAGE_STANDARD = gnu11;
				GCC_DYNAMIC_NO_PIC = NO;
				GCC_NO_COMMON_BLOCKS = YES;
				GCC_OPTIMIZATION_LEVEL = 0;
				GCC_PREPROCESSOR_DEFINITIONS = (
					"DEBUG=1",
					"$(inherited)",
				);
				GCC_WARN_64_TO_32_BIT_CONVERSION = YES;
				GCC_WARN_ABOUT_RETURN_TYPE = YES_ERROR;
				GCC_WARN_UNDECLARED_SELECTOR = YES;
				GCC_WARN_UNINITIALIZED_AUTOS = YES_AGGRESSIVE;
				GCC_WARN_UNUSED_FUNCTION = YES;
				GCC_WARN_UNUSED_VARIABLE = YES;
				IPHONEOS_DEPLOYMENT_TARGET = 11.2;
				MTL_ENABLE_DEBUG_INFO = YES;
				ONLY_ACTIVE_ARCH = YES;
				SDKROOT = iphoneos;
				SWIFT_ACTIVE_COMPILATION_CONDITIONS = DEBUG;
				SWIFT_OPTIMIZATION_LEVEL = "-Onone";
			};
			name = Debug;
		};
		30A9AF8020489B13005F3D6F /* Release */ = {
			isa = XCBuildConfiguration;
			buildSettings = {
				ALWAYS_SEARCH_USER_PATHS = NO;
				CLANG_ANALYZER_NONNULL = YES;
				CLANG_ANALYZER_NUMBER_OBJECT_CONVERSION = YES_AGGRESSIVE;
				CLANG_CXX_LANGUAGE_STANDARD = "gnu++14";
				CLANG_CXX_LIBRARY = "libc++";
				CLANG_ENABLE_MODULES = YES;
				CLANG_ENABLE_OBJC_ARC = YES;
				CLANG_WARN_BLOCK_CAPTURE_AUTORELEASING = YES;
				CLANG_WARN_BOOL_CONVERSION = YES;
				CLANG_WARN_COMMA = YES;
				CLANG_WARN_CONSTANT_CONVERSION = YES;
				CLANG_WARN_DIRECT_OBJC_ISA_USAGE = YES_ERROR;
				CLANG_WARN_DOCUMENTATION_COMMENTS = YES;
				CLANG_WARN_EMPTY_BODY = YES;
				CLANG_WARN_ENUM_CONVERSION = YES;
				CLANG_WARN_INFINITE_RECURSION = YES;
				CLANG_WARN_INT_CONVERSION = YES;
				CLANG_WARN_NON_LITERAL_NULL_CONVERSION = YES;
				CLANG_WARN_OBJC_LITERAL_CONVERSION = YES;
				CLANG_WARN_OBJC_ROOT_CLASS = YES_ERROR;
				CLANG_WARN_RANGE_LOOP_ANALYSIS = YES;
				CLANG_WARN_STRICT_PROTOTYPES = YES;
				CLANG_WARN_SUSPICIOUS_MOVE = YES;
				CLANG_WARN_UNGUARDED_AVAILABILITY = YES_AGGRESSIVE;
				CLANG_WARN_UNREACHABLE_CODE = YES;
				CLANG_WARN__DUPLICATE_METHOD_MATCH = YES;
				CODE_SIGN_IDENTITY = "iPhone Developer";
				COPY_PHASE_STRIP = NO;
				DEBUG_INFORMATION_FORMAT = "dwarf-with-dsym";
				ENABLE_NS_ASSERTIONS = NO;
				ENABLE_STRICT_OBJC_MSGSEND = YES;
				GCC_C_LANGUAGE_STANDARD = gnu11;
				GCC_NO_COMMON_BLOCKS = YES;
				GCC_WARN_64_TO_32_BIT_CONVERSION = YES;
				GCC_WARN_ABOUT_RETURN_TYPE = YES_ERROR;
				GCC_WARN_UNDECLARED_SELECTOR = YES;
				GCC_WARN_UNINITIALIZED_AUTOS = YES_AGGRESSIVE;
				GCC_WARN_UNUSED_FUNCTION = YES;
				GCC_WARN_UNUSED_VARIABLE = YES;
				IPHONEOS_DEPLOYMENT_TARGET = 11.2;
				MTL_ENABLE_DEBUG_INFO = NO;
				SDKROOT = iphoneos;
				SWIFT_OPTIMIZATION_LEVEL = "-Owholemodule";
				VALIDATE_PRODUCT = YES;
			};
			name = Release;
		};
		30A9AF8220489B13005F3D6F /* Debug */ = {
			isa = XCBuildConfiguration;
			buildSettings = {
				ASSETCATALOG_COMPILER_APPICON_NAME = AppIcon;
				CODE_SIGN_STYLE = Automatic;
				INFOPLIST_FILE = XPaceInvaders/Info.plist;
				LD_RUNPATH_SEARCH_PATHS = "$(inherited) @executable_path/Frameworks";
				PRODUCT_BUNDLE_IDENTIFIER = lincoln.games.XPaceInvaders;
				PRODUCT_NAME = "$(TARGET_NAME)";
				SWIFT_VERSION = 4.0;
				TARGETED_DEVICE_FAMILY = "1,2";
			};
			name = Debug;
		};
		30A9AF8320489B13005F3D6F /* Release */ = {
			isa = XCBuildConfiguration;
			buildSettings = {
				ASSETCATALOG_COMPILER_APPICON_NAME = AppIcon;
				CODE_SIGN_STYLE = Automatic;
				INFOPLIST_FILE = XPaceInvaders/Info.plist;
				LD_RUNPATH_SEARCH_PATHS = "$(inherited) @executable_path/Frameworks";
				PRODUCT_BUNDLE_IDENTIFIER = lincoln.games.XPaceInvaders;
				PRODUCT_NAME = "$(TARGET_NAME)";
				SWIFT_VERSION = 4.0;
				TARGETED_DEVICE_FAMILY = "1,2";
			};
			name = Release;
		};
		30A9AF8520489B13005F3D6F /* Debug */ = {
			isa = XCBuildConfiguration;
			buildSettings = {
				ALWAYS_EMBED_SWIFT_STANDARD_LIBRARIES = YES;
				BUNDLE_LOADER = "$(TEST_HOST)";
				CODE_SIGN_STYLE = Automatic;
				INFOPLIST_FILE = XPaceInvadersTests/Info.plist;
				LD_RUNPATH_SEARCH_PATHS = "$(inherited) @executable_path/Frameworks @loader_path/Frameworks";
				PRODUCT_BUNDLE_IDENTIFIER = lincoln.games.XPaceInvadersTests;
				PRODUCT_NAME = "$(TARGET_NAME)";
				SWIFT_VERSION = 4.0;
				TARGETED_DEVICE_FAMILY = "1,2";
				TEST_HOST = "$(BUILT_PRODUCTS_DIR)/XPaceInvaders.app/XPaceInvaders";
			};
			name = Debug;
		};
		30A9AF8620489B13005F3D6F /* Release */ = {
			isa = XCBuildConfiguration;
			buildSettings = {
				ALWAYS_EMBED_SWIFT_STANDARD_LIBRARIES = YES;
				BUNDLE_LOADER = "$(TEST_HOST)";
				CODE_SIGN_STYLE = Automatic;
				INFOPLIST_FILE = XPaceInvadersTests/Info.plist;
				LD_RUNPATH_SEARCH_PATHS = "$(inherited) @executable_path/Frameworks @loader_path/Frameworks";
				PRODUCT_BUNDLE_IDENTIFIER = lincoln.games.XPaceInvadersTests;
				PRODUCT_NAME = "$(TARGET_NAME)";
				SWIFT_VERSION = 4.0;
				TARGETED_DEVICE_FAMILY = "1,2";
				TEST_HOST = "$(BUILT_PRODUCTS_DIR)/XPaceInvaders.app/XPaceInvaders";
			};
			name = Release;
		};
		30A9AF8820489B13005F3D6F /* Debug */ = {
			isa = XCBuildConfiguration;
			buildSettings = {
				ALWAYS_EMBED_SWIFT_STANDARD_LIBRARIES = YES;
				CODE_SIGN_STYLE = Automatic;
				INFOPLIST_FILE = XPaceInvadersUITests/Info.plist;
				LD_RUNPATH_SEARCH_PATHS = "$(inherited) @executable_path/Frameworks @loader_path/Frameworks";
				PRODUCT_BUNDLE_IDENTIFIER = lincoln.games.XPaceInvadersUITests;
				PRODUCT_NAME = "$(TARGET_NAME)";
				SWIFT_VERSION = 4.0;
				TARGETED_DEVICE_FAMILY = "1,2";
				TEST_TARGET_NAME = XPaceInvaders;
			};
			name = Debug;
		};
		30A9AF8920489B13005F3D6F /* Release */ = {
			isa = XCBuildConfiguration;
			buildSettings = {
				ALWAYS_EMBED_SWIFT_STANDARD_LIBRARIES = YES;
				CODE_SIGN_STYLE = Automatic;
				INFOPLIST_FILE = XPaceInvadersUITests/Info.plist;
				LD_RUNPATH_SEARCH_PATHS = "$(inherited) @executable_path/Frameworks @loader_path/Frameworks";
				PRODUCT_BUNDLE_IDENTIFIER = lincoln.games.XPaceInvadersUITests;
				PRODUCT_NAME = "$(TARGET_NAME)";
				SWIFT_VERSION = 4.0;
				TARGETED_DEVICE_FAMILY = "1,2";
				TEST_TARGET_NAME = XPaceInvaders;
			};
			name = Release;
		};
/* End XCBuildConfiguration section */

/* Begin XCConfigurationList section */
		30A9AF4E20489B13005F3D6F /* Build configuration list for PBXProject "XPaceInvaders" */ = {
			isa = XCConfigurationList;
			buildConfigurations = (
				30A9AF7F20489B13005F3D6F /* Debug */,
				30A9AF8020489B13005F3D6F /* Release */,
			);
			defaultConfigurationIsVisible = 0;
			defaultConfigurationName = Release;
		};
		30A9AF8120489B13005F3D6F /* Build configuration list for PBXNativeTarget "XPaceInvaders" */ = {
			isa = XCConfigurationList;
			buildConfigurations = (
				30A9AF8220489B13005F3D6F /* Debug */,
				30A9AF8320489B13005F3D6F /* Release */,
			);
			defaultConfigurationIsVisible = 0;
			defaultConfigurationName = Release;
		};
		30A9AF8420489B13005F3D6F /* Build configuration list for PBXNativeTarget "XPaceInvadersTests" */ = {
			isa = XCConfigurationList;
			buildConfigurations = (
				30A9AF8520489B13005F3D6F /* Debug */,
				30A9AF8620489B13005F3D6F /* Release */,
			);
			defaultConfigurationIsVisible = 0;
			defaultConfigurationName = Release;
		};
		30A9AF8720489B13005F3D6F /* Build configuration list for PBXNativeTarget "XPaceInvadersUITests" */ = {
			isa = XCConfigurationList;
			buildConfigurations = (
				30A9AF8820489B13005F3D6F /* Debug */,
				30A9AF8920489B13005F3D6F /* Release */,
			);
			defaultConfigurationIsVisible = 0;
			defaultConfigurationName = Release;
		};
/* End XCConfigurationList section */
	};
	rootObject = 30A9AF4B20489B13005F3D6F /* Project object */;
}
