// !$*UTF8*$!
{
	archiveVersion = 1;
	classes = {
	};
	objectVersion = 50;
	objects = {

/* Begin PBXBuildFile section */
		0E8EB7312087197C007D47BF /* AppDelegate.swift in Sources */ = {isa = PBXBuildFile; fileRef = 0E8EB7302087197C007D47BF /* AppDelegate.swift */; };
		0E8EB7332087197C007D47BF /* GameScene.sks in Resources */ = {isa = PBXBuildFile; fileRef = 0E8EB7322087197C007D47BF /* GameScene.sks */; };
		0E8EB7352087197C007D47BF /* Actions.sks in Resources */ = {isa = PBXBuildFile; fileRef = 0E8EB7342087197C007D47BF /* Actions.sks */; };
		0E8EB7372087197C007D47BF /* GameScene.swift in Sources */ = {isa = PBXBuildFile; fileRef = 0E8EB7362087197C007D47BF /* GameScene.swift */; };
		0E8EB7392087197C007D47BF /* GameViewController.swift in Sources */ = {isa = PBXBuildFile; fileRef = 0E8EB7382087197C007D47BF /* GameViewController.swift */; };
		0E8EB73C2087197C007D47BF /* Main.storyboard in Resources */ = {isa = PBXBuildFile; fileRef = 0E8EB73A2087197C007D47BF /* Main.storyboard */; };
		0E8EB73E2087197C007D47BF /* Assets.xcassets in Resources */ = {isa = PBXBuildFile; fileRef = 0E8EB73D2087197C007D47BF /* Assets.xcassets */; };
		0E8EB7412087197C007D47BF /* LaunchScreen.storyboard in Resources */ = {isa = PBXBuildFile; fileRef = 0E8EB73F2087197C007D47BF /* LaunchScreen.storyboard */; };
		0EAD033D208BB132008EF510 /* torpedo.mp3 in Resources */ = {isa = PBXBuildFile; fileRef = 0EAD033B208BB132008EF510 /* torpedo.mp3 */; };
		0EAD033E208BB132008EF510 /* explosion.mp3 in Resources */ = {isa = PBXBuildFile; fileRef = 0EAD033C208BB132008EF510 /* explosion.mp3 */; };
		0EAD0342208BB18A008EF510 /* Explosion.sks in Resources */ = {isa = PBXBuildFile; fileRef = 0EAD0341208BB18A008EF510 /* Explosion.sks */; };
		0EAD0344208BB198008EF510 /* Starfield.sks in Resources */ = {isa = PBXBuildFile; fileRef = 0EAD0343208BB198008EF510 /* Starfield.sks */; };
		0EBA2D04208BD24800F4BF72 /* MenuScene.sks in Resources */ = {isa = PBXBuildFile; fileRef = 0EBA2D03208BD24800F4BF72 /* MenuScene.sks */; };
		0EBA2D06208BD93B00F4BF72 /* MenuScene.swift in Sources */ = {isa = PBXBuildFile; fileRef = 0EBA2D05208BD93B00F4BF72 /* MenuScene.swift */; };
		0EBA2D09208BF61500F4BF72 /* GameOverScene.sks in Resources */ = {isa = PBXBuildFile; fileRef = 0EBA2D08208BF61500F4BF72 /* GameOverScene.sks */; };
		0EBA2D0B208BFC7000F4BF72 /* GameOverScene.swift in Sources */ = {isa = PBXBuildFile; fileRef = 0EBA2D0A208BFC7000F4BF72 /* GameOverScene.swift */; };
/* End PBXBuildFile section */

/* Begin PBXFileReference section */
		0E8EB72D2087197C007D47BF /* FloatBlasters.app */ = {isa = PBXFileReference; explicitFileType = wrapper.application; includeInIndex = 0; path = FloatBlasters.app; sourceTree = BUILT_PRODUCTS_DIR; };
		0E8EB7302087197C007D47BF /* AppDelegate.swift */ = {isa = PBXFileReference; lastKnownFileType = sourcecode.swift; path = AppDelegate.swift; sourceTree = "<group>"; };
		0E8EB7322087197C007D47BF /* GameScene.sks */ = {isa = PBXFileReference; lastKnownFileType = file.sks; path = GameScene.sks; sourceTree = "<group>"; };
		0E8EB7342087197C007D47BF /* Actions.sks */ = {isa = PBXFileReference; lastKnownFileType = file.sks; path = Actions.sks; sourceTree = "<group>"; };
		0E8EB7362087197C007D47BF /* GameScene.swift */ = {isa = PBXFileReference; lastKnownFileType = sourcecode.swift; path = GameScene.swift; sourceTree = "<group>"; };
		0E8EB7382087197C007D47BF /* GameViewController.swift */ = {isa = PBXFileReference; lastKnownFileType = sourcecode.swift; path = GameViewController.swift; sourceTree = "<group>"; };
		0E8EB73B2087197C007D47BF /* Base */ = {isa = PBXFileReference; lastKnownFileType = file.storyboard; name = Base; path = Base.lproj/Main.storyboard; sourceTree = "<group>"; };
		0E8EB73D2087197C007D47BF /* Assets.xcassets */ = {isa = PBXFileReference; lastKnownFileType = folder.assetcatalog; path = Assets.xcassets; sourceTree = "<group>"; };
		0E8EB7402087197C007D47BF /* Base */ = {isa = PBXFileReference; lastKnownFileType = file.storyboard; name = Base; path = Base.lproj/LaunchScreen.storyboard; sourceTree = "<group>"; };
		0E8EB7422087197C007D47BF /* Info.plist */ = {isa = PBXFileReference; lastKnownFileType = text.plist.xml; path = Info.plist; sourceTree = "<group>"; };
		0EAD033B208BB132008EF510 /* torpedo.mp3 */ = {isa = PBXFileReference; lastKnownFileType = audio.mp3; path = torpedo.mp3; sourceTree = "<group>"; };
		0EAD033C208BB132008EF510 /* explosion.mp3 */ = {isa = PBXFileReference; lastKnownFileType = audio.mp3; path = explosion.mp3; sourceTree = "<group>"; };
		0EAD0341208BB18A008EF510 /* Explosion.sks */ = {isa = PBXFileReference; lastKnownFileType = file.sks; path = Explosion.sks; sourceTree = "<group>"; };
		0EAD0343208BB198008EF510 /* Starfield.sks */ = {isa = PBXFileReference; lastKnownFileType = file.sks; path = Starfield.sks; sourceTree = "<group>"; };
		0EBA2D03208BD24800F4BF72 /* MenuScene.sks */ = {isa = PBXFileReference; lastKnownFileType = file.sks; path = MenuScene.sks; sourceTree = "<group>"; };
		0EBA2D05208BD93B00F4BF72 /* MenuScene.swift */ = {isa = PBXFileReference; lastKnownFileType = sourcecode.swift; path = MenuScene.swift; sourceTree = "<group>"; };
		0EBA2D08208BF61500F4BF72 /* GameOverScene.sks */ = {isa = PBXFileReference; lastKnownFileType = file.sks; path = GameOverScene.sks; sourceTree = "<group>"; };
		0EBA2D0A208BFC7000F4BF72 /* GameOverScene.swift */ = {isa = PBXFileReference; lastKnownFileType = sourcecode.swift; path = GameOverScene.swift; sourceTree = "<group>"; };
/* End PBXFileReference section */

/* Begin PBXFrameworksBuildPhase section */
		0E8EB72A2087197C007D47BF /* Frameworks */ = {
			isa = PBXFrameworksBuildPhase;
			buildActionMask = 2147483647;
			files = (
			);
			runOnlyForDeploymentPostprocessing = 0;
		};
/* End PBXFrameworksBuildPhase section */

/* Begin PBXGroup section */
		0E8EB7242087197C007D47BF = {
			isa = PBXGroup;
			children = (
				0E8EB72F2087197C007D47BF /* FloatBlasters */,
				0E8EB72E2087197C007D47BF /* Products */,
			);
			sourceTree = "<group>";
		};
		0E8EB72E2087197C007D47BF /* Products */ = {
			isa = PBXGroup;
			children = (
				0E8EB72D2087197C007D47BF /* FloatBlasters.app */,
			);
			name = Products;
			sourceTree = "<group>";
		};
		0E8EB72F2087197C007D47BF /* FloatBlasters */ = {
			isa = PBXGroup;
			children = (
				0E8EB7302087197C007D47BF /* AppDelegate.swift */,
				0E8EB7382087197C007D47BF /* GameViewController.swift */,
				0E8EB7342087197C007D47BF /* Actions.sks */,
				0E8EB73A2087197C007D47BF /* Main.storyboard */,
				0EBA2D0C208BFDE400F4BF72 /* Game Over */,
				0EBA2D07208BF1CB00F4BF72 /* Menu */,
				0EBA2D00208BD1C700F4BF72 /* Game */,
				0EBA2D01208BD1D300F4BF72 /* Emitters */,
				0EBA2D02208BD1F800F4BF72 /* Sounds */,
				0E8EB73D2087197C007D47BF /* Assets.xcassets */,
				0E8EB73F2087197C007D47BF /* LaunchScreen.storyboard */,
				0E8EB7422087197C007D47BF /* Info.plist */,
			);
			path = FloatBlasters;
			sourceTree = "<group>";
		};
		0EBA2D00208BD1C700F4BF72 /* Game */ = {
			isa = PBXGroup;
			children = (
				0E8EB7322087197C007D47BF /* GameScene.sks */,
				0E8EB7362087197C007D47BF /* GameScene.swift */,
			);
			path = Game;
			sourceTree = "<group>";
		};
		0EBA2D01208BD1D300F4BF72 /* Emitters */ = {
			isa = PBXGroup;
			children = (
				0EAD0341208BB18A008EF510 /* Explosion.sks */,
				0EAD0343208BB198008EF510 /* Starfield.sks */,
			);
			path = Emitters;
			sourceTree = "<group>";
		};
		0EBA2D02208BD1F800F4BF72 /* Sounds */ = {
			isa = PBXGroup;
			children = (
				0EAD033C208BB132008EF510 /* explosion.mp3 */,
				0EAD033B208BB132008EF510 /* torpedo.mp3 */,
			);
			path = Sounds;
			sourceTree = "<group>";
		};
		0EBA2D07208BF1CB00F4BF72 /* Menu */ = {
			isa = PBXGroup;
			children = (
				0EBA2D03208BD24800F4BF72 /* MenuScene.sks */,
				0EBA2D05208BD93B00F4BF72 /* MenuScene.swift */,
			);
			path = Menu;
			sourceTree = "<group>";
		};
		0EBA2D0C208BFDE400F4BF72 /* Game Over */ = {
			isa = PBXGroup;
			children = (
				0EBA2D08208BF61500F4BF72 /* GameOverScene.sks */,
				0EBA2D0A208BFC7000F4BF72 /* GameOverScene.swift */,
			);
			path = "Game Over";
			sourceTree = "<group>";
		};
/* End PBXGroup section */

/* Begin PBXNativeTarget section */
		0E8EB72C2087197C007D47BF /* FloatBlasters */ = {
			isa = PBXNativeTarget;
			buildConfigurationList = 0E8EB7452087197C007D47BF /* Build configuration list for PBXNativeTarget "FloatBlasters" */;
			buildPhases = (
				0E8EB7292087197C007D47BF /* Sources */,
				0E8EB72A2087197C007D47BF /* Frameworks */,
				0E8EB72B2087197C007D47BF /* Resources */,
			);
			buildRules = (
			);
			dependencies = (
			);
			name = FloatBlasters;
			productName = FloatBlasters;
			productReference = 0E8EB72D2087197C007D47BF /* FloatBlasters.app */;
			productType = "com.apple.product-type.application";
		};
/* End PBXNativeTarget section */

/* Begin PBXProject section */
		0E8EB7252087197C007D47BF /* Project object */ = {
			isa = PBXProject;
			attributes = {
				LastSwiftUpdateCheck = 0930;
				LastUpgradeCheck = 0930;
				ORGANIZATIONNAME = "Eric Thompson";
				TargetAttributes = {
					0E8EB72C2087197C007D47BF = {
						CreatedOnToolsVersion = 9.3;
					};
				};
			};
			buildConfigurationList = 0E8EB7282087197C007D47BF /* Build configuration list for PBXProject "FloatBlasters" */;
			compatibilityVersion = "Xcode 9.3";
			developmentRegion = en;
			hasScannedForEncodings = 0;
			knownRegions = (
				en,
				Base,
			);
			mainGroup = 0E8EB7242087197C007D47BF;
			productRefGroup = 0E8EB72E2087197C007D47BF /* Products */;
			projectDirPath = "";
			projectRoot = "";
			targets = (
				0E8EB72C2087197C007D47BF /* FloatBlasters */,
			);
		};
/* End PBXProject section */

/* Begin PBXResourcesBuildPhase section */
		0E8EB72B2087197C007D47BF /* Resources */ = {
			isa = PBXResourcesBuildPhase;
			buildActionMask = 2147483647;
			files = (
				0E8EB73C2087197C007D47BF /* Main.storyboard in Resources */,
				0E8EB7332087197C007D47BF /* GameScene.sks in Resources */,
				0E8EB73E2087197C007D47BF /* Assets.xcassets in Resources */,
				0E8EB7412087197C007D47BF /* LaunchScreen.storyboard in Resources */,
				0EAD033E208BB132008EF510 /* explosion.mp3 in Resources */,
				0EAD0342208BB18A008EF510 /* Explosion.sks in Resources */,
				0EAD0344208BB198008EF510 /* Starfield.sks in Resources */,
				0EAD033D208BB132008EF510 /* torpedo.mp3 in Resources */,
				0EBA2D04208BD24800F4BF72 /* MenuScene.sks in Resources */,
				0EBA2D09208BF61500F4BF72 /* GameOverScene.sks in Resources */,
				0E8EB7352087197C007D47BF /* Actions.sks in Resources */,
			);
			runOnlyForDeploymentPostprocessing = 0;
		};
/* End PBXResourcesBuildPhase section */

/* Begin PBXSourcesBuildPhase section */
		0E8EB7292087197C007D47BF /* Sources */ = {
			isa = PBXSourcesBuildPhase;
			buildActionMask = 2147483647;
			files = (
				0EBA2D0B208BFC7000F4BF72 /* GameOverScene.swift in Sources */,
				0E8EB7372087197C007D47BF /* GameScene.swift in Sources */,
				0EBA2D06208BD93B00F4BF72 /* MenuScene.swift in Sources */,
				0E8EB7392087197C007D47BF /* GameViewController.swift in Sources */,
				0E8EB7312087197C007D47BF /* AppDelegate.swift in Sources */,
			);
			runOnlyForDeploymentPostprocessing = 0;
		};
/* End PBXSourcesBuildPhase section */

/* Begin PBXVariantGroup section */
		0E8EB73A2087197C007D47BF /* Main.storyboard */ = {
			isa = PBXVariantGroup;
			children = (
				0E8EB73B2087197C007D47BF /* Base */,
			);
			name = Main.storyboard;
			sourceTree = "<group>";
		};
		0E8EB73F2087197C007D47BF /* LaunchScreen.storyboard */ = {
			isa = PBXVariantGroup;
			children = (
				0E8EB7402087197C007D47BF /* Base */,
			);
			name = LaunchScreen.storyboard;
			sourceTree = "<group>";
		};
/* End PBXVariantGroup section */

/* Begin XCBuildConfiguration section */
		0E8EB7432087197C007D47BF /* Debug */ = {
			isa = XCBuildConfiguration;
			buildSettings = {
				ALWAYS_SEARCH_USER_PATHS = NO;
				CLANG_ANALYZER_NONNULL = YES;
				CLANG_ANALYZER_NUMBER_OBJECT_CONVERSION = YES_AGGRESSIVE;
				CLANG_CXX_LANGUAGE_STANDARD = "gnu++14";
				CLANG_CXX_LIBRARY = "libc++";
				CLANG_ENABLE_MODULES = YES;
				CLANG_ENABLE_OBJC_ARC = YES;
				CLANG_ENABLE_OBJC_WEAK = YES;
				CLANG_WARN_BLOCK_CAPTURE_AUTORELEASING = YES;
				CLANG_WARN_BOOL_CONVERSION = YES;
				CLANG_WARN_COMMA = YES;
				CLANG_WARN_CONSTANT_CONVERSION = YES;
				CLANG_WARN_DEPRECATED_OBJC_IMPLEMENTATIONS = YES;
				CLANG_WARN_DIRECT_OBJC_ISA_USAGE = YES_ERROR;
				CLANG_WARN_DOCUMENTATION_COMMENTS = YES;
				CLANG_WARN_EMPTY_BODY = YES;
				CLANG_WARN_ENUM_CONVERSION = YES;
				CLANG_WARN_INFINITE_RECURSION = YES;
				CLANG_WARN_INT_CONVERSION = YES;
				CLANG_WARN_NON_LITERAL_NULL_CONVERSION = YES;
				CLANG_WARN_OBJC_IMPLICIT_RETAIN_SELF = YES;
				CLANG_WARN_OBJC_LITERAL_CONVERSION = YES;
				CLANG_WARN_OBJC_ROOT_CLASS = YES_ERROR;
				CLANG_WARN_RANGE_LOOP_ANALYSIS = YES;
				CLANG_WARN_STRICT_PROTOTYPES = YES;
				CLANG_WARN_SUSPICIOUS_MOVE = YES;
				CLANG_WARN_UNGUARDED_AVAILABILITY = YES_AGGRESSIVE;
				CLANG_WARN_UNREACHABLE_CODE = YES;
				CLANG_WARN__DUPLICATE_METHOD_MATCH = YES;
				CODE_SIGN_IDENTITY = "iPhone Developer";
				COPY_PHASE_STRIP = NO;
				DEBUG_INFORMATION_FORMAT = dwarf;
				ENABLE_STRICT_OBJC_MSGSEND = YES;
				ENABLE_TESTABILITY = YES;
				GCC_C_LANGUAGE_STANDARD = gnu11;
				GCC_DYNAMIC_NO_PIC = NO;
				GCC_NO_COMMON_BLOCKS = YES;
				GCC_OPTIMIZATION_LEVEL = 0;
				GCC_PREPROCESSOR_DEFINITIONS = (
					"DEBUG=1",
					"$(inherited)",
				);
				GCC_WARN_64_TO_32_BIT_CONVERSION = YES;
				GCC_WARN_ABOUT_RETURN_TYPE = YES_ERROR;
				GCC_WARN_UNDECLARED_SELECTOR = YES;
				GCC_WARN_UNINITIALIZED_AUTOS = YES_AGGRESSIVE;
				GCC_WARN_UNUSED_FUNCTION = YES;
				GCC_WARN_UNUSED_VARIABLE = YES;
				IPHONEOS_DEPLOYMENT_TARGET = 11.3;
				MTL_ENABLE_DEBUG_INFO = YES;
				ONLY_ACTIVE_ARCH = YES;
				SDKROOT = iphoneos;
				SWIFT_ACTIVE_COMPILATION_CONDITIONS = DEBUG;
				SWIFT_OPTIMIZATION_LEVEL = "-Onone";
			};
			name = Debug;
		};
		0E8EB7442087197C007D47BF /* Release */ = {
			isa = XCBuildConfiguration;
			buildSettings = {
				ALWAYS_SEARCH_USER_PATHS = NO;
				CLANG_ANALYZER_NONNULL = YES;
				CLANG_ANALYZER_NUMBER_OBJECT_CONVERSION = YES_AGGRESSIVE;
				CLANG_CXX_LANGUAGE_STANDARD = "gnu++14";
				CLANG_CXX_LIBRARY = "libc++";
				CLANG_ENABLE_MODULES = YES;
				CLANG_ENABLE_OBJC_ARC = YES;
				CLANG_ENABLE_OBJC_WEAK = YES;
				CLANG_WARN_BLOCK_CAPTURE_AUTORELEASING = YES;
				CLANG_WARN_BOOL_CONVERSION = YES;
				CLANG_WARN_COMMA = YES;
				CLANG_WARN_CONSTANT_CONVERSION = YES;
				CLANG_WARN_DEPRECATED_OBJC_IMPLEMENTATIONS = YES;
				CLANG_WARN_DIRECT_OBJC_ISA_USAGE = YES_ERROR;
				CLANG_WARN_DOCUMENTATION_COMMENTS = YES;
				CLANG_WARN_EMPTY_BODY = YES;
				CLANG_WARN_ENUM_CONVERSION = YES;
				CLANG_WARN_INFINITE_RECURSION = YES;
				CLANG_WARN_INT_CONVERSION = YES;
				CLANG_WARN_NON_LITERAL_NULL_CONVERSION = YES;
				CLANG_WARN_OBJC_IMPLICIT_RETAIN_SELF = YES;
				CLANG_WARN_OBJC_LITERAL_CONVERSION = YES;
				CLANG_WARN_OBJC_ROOT_CLASS = YES_ERROR;
				CLANG_WARN_RANGE_LOOP_ANALYSIS = YES;
				CLANG_WARN_STRICT_PROTOTYPES = YES;
				CLANG_WARN_SUSPICIOUS_MOVE = YES;
				CLANG_WARN_UNGUARDED_AVAILABILITY = YES_AGGRESSIVE;
				CLANG_WARN_UNREACHABLE_CODE = YES;
				CLANG_WARN__DUPLICATE_METHOD_MATCH = YES;
				CODE_SIGN_IDENTITY = "iPhone Developer";
				COPY_PHASE_STRIP = NO;
				DEBUG_INFORMATION_FORMAT = "dwarf-with-dsym";
				ENABLE_NS_ASSERTIONS = NO;
				ENABLE_STRICT_OBJC_MSGSEND = YES;
				GCC_C_LANGUAGE_STANDARD = gnu11;
				GCC_NO_COMMON_BLOCKS = YES;
				GCC_WARN_64_TO_32_BIT_CONVERSION = YES;
				GCC_WARN_ABOUT_RETURN_TYPE = YES_ERROR;
				GCC_WARN_UNDECLARED_SELECTOR = YES;
				GCC_WARN_UNINITIALIZED_AUTOS = YES_AGGRESSIVE;
				GCC_WARN_UNUSED_FUNCTION = YES;
				GCC_WARN_UNUSED_VARIABLE = YES;
				IPHONEOS_DEPLOYMENT_TARGET = 11.3;
				MTL_ENABLE_DEBUG_INFO = NO;
				SDKROOT = iphoneos;
				SWIFT_COMPILATION_MODE = wholemodule;
				SWIFT_OPTIMIZATION_LEVEL = "-O";
				VALIDATE_PRODUCT = YES;
			};
			name = Release;
		};
		0E8EB7462087197C007D47BF /* Debug */ = {
			isa = XCBuildConfiguration;
			buildSettings = {
				ASSETCATALOG_COMPILER_APPICON_NAME = AppIcon;
				CODE_SIGN_STYLE = Automatic;
				DEVELOPMENT_TEAM = LV677U5MV7;
				INFOPLIST_FILE = FloatBlasters/Info.plist;
				LD_RUNPATH_SEARCH_PATHS = (
					"$(inherited)",
					"@executable_path/Frameworks",
				);
				PRODUCT_BUNDLE_IDENTIFIER = DeadBatteryGames.FloatBlasters;
				PRODUCT_NAME = "$(TARGET_NAME)";
				SWIFT_VERSION = 4.0;
				TARGETED_DEVICE_FAMILY = "1,2";
			};
			name = Debug;
		};
		0E8EB7472087197C007D47BF /* Release */ = {
			isa = XCBuildConfiguration;
			buildSettings = {
				ASSETCATALOG_COMPILER_APPICON_NAME = AppIcon;
				CODE_SIGN_STYLE = Automatic;
				DEVELOPMENT_TEAM = LV677U5MV7;
				INFOPLIST_FILE = FloatBlasters/Info.plist;
				LD_RUNPATH_SEARCH_PATHS = (
					"$(inherited)",
					"@executable_path/Frameworks",
				);
				PRODUCT_BUNDLE_IDENTIFIER = DeadBatteryGames.FloatBlasters;
				PRODUCT_NAME = "$(TARGET_NAME)";
				SWIFT_VERSION = 4.0;
				TARGETED_DEVICE_FAMILY = "1,2";
			};
			name = Release;
		};
/* End XCBuildConfiguration section */

/* Begin XCConfigurationList section */
		0E8EB7282087197C007D47BF /* Build configuration list for PBXProject "FloatBlasters" */ = {
			isa = XCConfigurationList;
			buildConfigurations = (
				0E8EB7432087197C007D47BF /* Debug */,
				0E8EB7442087197C007D47BF /* Release */,
			);
			defaultConfigurationIsVisible = 0;
			defaultConfigurationName = Release;
		};
		0E8EB7452087197C007D47BF /* Build configuration list for PBXNativeTarget "FloatBlasters" */ = {
			isa = XCConfigurationList;
			buildConfigurations = (
				0E8EB7462087197C007D47BF /* Debug */,
				0E8EB7472087197C007D47BF /* Release */,
			);
			defaultConfigurationIsVisible = 0;
			defaultConfigurationName = Release;
		};
/* End XCConfigurationList section */
	};
	rootObject = 0E8EB7252087197C007D47BF /* Project object */;
}
