// !$*UTF8*$!
{
	archiveVersion = 1;
	classes = {
	};
	objectVersion = 48;
	objects = {

/* Begin PBXBuildFile section */
		B5028C012061A24F00FD8EFD /* PSpin.atlas in Resources */ = {isa = PBXBuildFile; fileRef = B5028BFC2061A24E00FD8EFD /* PSpin.atlas */; };
		B5028C022061A24F00FD8EFD /* PJump.atlas in Resources */ = {isa = PBXBuildFile; fileRef = B5028BFD2061A24E00FD8EFD /* PJump.atlas */; };
		B5028C032061A24F00FD8EFD /* Slime.atlas in Resources */ = {isa = PBXBuildFile; fileRef = B5028BFE2061A24F00FD8EFD /* Slime.atlas */; };
		B5028C052061C7E800FD8EFD /* CameraComponent.swift in Sources */ = {isa = PBXBuildFile; fileRef = B5028C042061C7E800FD8EFD /* CameraComponent.swift */; };
		B5028C072061CBD800FD8EFD /* AIComponent.swift in Sources */ = {isa = PBXBuildFile; fileRef = B5028C062061CBD800FD8EFD /* AIComponent.swift */; };
		B5D1CCF62060566A0030E2DE /* PlayerEntity.swift in Sources */ = {isa = PBXBuildFile; fileRef = B5D1CCF52060566A0030E2DE /* PlayerEntity.swift */; };
		B5D1CCF8206059BE0030E2DE /* BulletEntity.swift in Sources */ = {isa = PBXBuildFile; fileRef = B5D1CCF7206059BE0030E2DE /* BulletEntity.swift */; };
		B5D1CCFA206067C00030E2DE /* BlobEntity.swift in Sources */ = {isa = PBXBuildFile; fileRef = B5D1CCF9206067C00030E2DE /* BlobEntity.swift */; };
		B5D1CCFC20606A530030E2DE /* UsefulMathStuff.swift in Sources */ = {isa = PBXBuildFile; fileRef = B5D1CCFB20606A530030E2DE /* UsefulMathStuff.swift */; };
		B5D58E7C20475D570012DBFB /* AppDelegate.swift in Sources */ = {isa = PBXBuildFile; fileRef = B5D58E7B20475D570012DBFB /* AppDelegate.swift */; };
		B5D58E7E20475D570012DBFB /* GameScene.sks in Resources */ = {isa = PBXBuildFile; fileRef = B5D58E7D20475D570012DBFB /* GameScene.sks */; };
		B5D58E8020475D570012DBFB /* Actions.sks in Resources */ = {isa = PBXBuildFile; fileRef = B5D58E7F20475D570012DBFB /* Actions.sks */; };
		B5D58E8220475D570012DBFB /* GameScene.swift in Sources */ = {isa = PBXBuildFile; fileRef = B5D58E8120475D570012DBFB /* GameScene.swift */; };
		B5D58E8420475D570012DBFB /* GameViewController.swift in Sources */ = {isa = PBXBuildFile; fileRef = B5D58E8320475D570012DBFB /* GameViewController.swift */; };
		B5D58E8720475D570012DBFB /* Main.storyboard in Resources */ = {isa = PBXBuildFile; fileRef = B5D58E8520475D570012DBFB /* Main.storyboard */; };
		B5D58E8920475D570012DBFB /* Assets.xcassets in Resources */ = {isa = PBXBuildFile; fileRef = B5D58E8820475D570012DBFB /* Assets.xcassets */; };
		B5D58E8C20475D570012DBFB /* LaunchScreen.storyboard in Resources */ = {isa = PBXBuildFile; fileRef = B5D58E8A20475D570012DBFB /* LaunchScreen.storyboard */; };
		B5D92AF520600FE9003B1DE7 /* CharacterEntity.swift in Sources */ = {isa = PBXBuildFile; fileRef = B5D92AF420600FE9003B1DE7 /* CharacterEntity.swift */; };
		B5D92B0720603329003B1DE7 /* SpriteComponent.swift in Sources */ = {isa = PBXBuildFile; fileRef = B5D92B0620603329003B1DE7 /* SpriteComponent.swift */; };
		B5D92B0920603443003B1DE7 /* EntityManager.swift in Sources */ = {isa = PBXBuildFile; fileRef = B5D92B0820603443003B1DE7 /* EntityManager.swift */; };
		B5D92B0C20603827003B1DE7 /* ButtonNode.swift in Sources */ = {isa = PBXBuildFile; fileRef = B5D92B0B20603827003B1DE7 /* ButtonNode.swift */; };
/* End PBXBuildFile section */

/* Begin PBXFileReference section */
		B5028BFC2061A24E00FD8EFD /* PSpin.atlas */ = {isa = PBXFileReference; lastKnownFileType = folder.skatlas; path = PSpin.atlas; sourceTree = "<group>"; };
		B5028BFD2061A24E00FD8EFD /* PJump.atlas */ = {isa = PBXFileReference; lastKnownFileType = folder.skatlas; path = PJump.atlas; sourceTree = "<group>"; };
		B5028BFE2061A24F00FD8EFD /* Slime.atlas */ = {isa = PBXFileReference; lastKnownFileType = folder.skatlas; path = Slime.atlas; sourceTree = "<group>"; };
		B5028C042061C7E800FD8EFD /* CameraComponent.swift */ = {isa = PBXFileReference; lastKnownFileType = sourcecode.swift; path = CameraComponent.swift; sourceTree = "<group>"; };
		B5028C062061CBD800FD8EFD /* AIComponent.swift */ = {isa = PBXFileReference; lastKnownFileType = sourcecode.swift; path = AIComponent.swift; sourceTree = "<group>"; };
		B5D1CCF52060566A0030E2DE /* PlayerEntity.swift */ = {isa = PBXFileReference; lastKnownFileType = sourcecode.swift; path = PlayerEntity.swift; sourceTree = "<group>"; };
		B5D1CCF7206059BE0030E2DE /* BulletEntity.swift */ = {isa = PBXFileReference; lastKnownFileType = sourcecode.swift; path = BulletEntity.swift; sourceTree = "<group>"; };
		B5D1CCF9206067C00030E2DE /* BlobEntity.swift */ = {isa = PBXFileReference; lastKnownFileType = sourcecode.swift; path = BlobEntity.swift; sourceTree = "<group>"; };
		B5D1CCFB20606A530030E2DE /* UsefulMathStuff.swift */ = {isa = PBXFileReference; lastKnownFileType = sourcecode.swift; path = UsefulMathStuff.swift; sourceTree = "<group>"; };
		B5D58E7820475D570012DBFB /* WarriorOfLeporia.app */ = {isa = PBXFileReference; explicitFileType = wrapper.application; includeInIndex = 0; path = WarriorOfLeporia.app; sourceTree = BUILT_PRODUCTS_DIR; };
		B5D58E7B20475D570012DBFB /* AppDelegate.swift */ = {isa = PBXFileReference; lastKnownFileType = sourcecode.swift; path = AppDelegate.swift; sourceTree = "<group>"; };
		B5D58E7D20475D570012DBFB /* GameScene.sks */ = {isa = PBXFileReference; lastKnownFileType = file.sks; path = GameScene.sks; sourceTree = "<group>"; };
		B5D58E7F20475D570012DBFB /* Actions.sks */ = {isa = PBXFileReference; lastKnownFileType = file.sks; path = Actions.sks; sourceTree = "<group>"; };
		B5D58E8120475D570012DBFB /* GameScene.swift */ = {isa = PBXFileReference; lastKnownFileType = sourcecode.swift; path = GameScene.swift; sourceTree = "<group>"; };
		B5D58E8320475D570012DBFB /* GameViewController.swift */ = {isa = PBXFileReference; lastKnownFileType = sourcecode.swift; path = GameViewController.swift; sourceTree = "<group>"; };
		B5D58E8620475D570012DBFB /* Base */ = {isa = PBXFileReference; lastKnownFileType = file.storyboard; name = Base; path = Base.lproj/Main.storyboard; sourceTree = "<group>"; };
		B5D58E8820475D570012DBFB /* Assets.xcassets */ = {isa = PBXFileReference; lastKnownFileType = folder.assetcatalog; path = Assets.xcassets; sourceTree = "<group>"; };
		B5D58E8B20475D570012DBFB /* Base */ = {isa = PBXFileReference; lastKnownFileType = file.storyboard; name = Base; path = Base.lproj/LaunchScreen.storyboard; sourceTree = "<group>"; };
		B5D58E8D20475D570012DBFB /* Info.plist */ = {isa = PBXFileReference; lastKnownFileType = text.plist.xml; path = Info.plist; sourceTree = "<group>"; };
		B5D92AF420600FE9003B1DE7 /* CharacterEntity.swift */ = {isa = PBXFileReference; lastKnownFileType = sourcecode.swift; path = CharacterEntity.swift; sourceTree = "<group>"; };
		B5D92B0620603329003B1DE7 /* SpriteComponent.swift */ = {isa = PBXFileReference; lastKnownFileType = sourcecode.swift; path = SpriteComponent.swift; sourceTree = "<group>"; };
		B5D92B0820603443003B1DE7 /* EntityManager.swift */ = {isa = PBXFileReference; lastKnownFileType = sourcecode.swift; path = EntityManager.swift; sourceTree = "<group>"; };
		B5D92B0B20603827003B1DE7 /* ButtonNode.swift */ = {isa = PBXFileReference; lastKnownFileType = sourcecode.swift; path = ButtonNode.swift; sourceTree = "<group>"; };
/* End PBXFileReference section */

/* Begin PBXFrameworksBuildPhase section */
		B5D58E7520475D570012DBFB /* Frameworks */ = {
			isa = PBXFrameworksBuildPhase;
			buildActionMask = 2147483647;
			files = (
			);
			runOnlyForDeploymentPostprocessing = 0;
		};
/* End PBXFrameworksBuildPhase section */

/* Begin PBXGroup section */
		9DCCABFF205F58870070FC88 /* SKSStuff */ = {
			isa = PBXGroup;
			children = (
				B5D58E7F20475D570012DBFB /* Actions.sks */,
				B5D58E7D20475D570012DBFB /* GameScene.sks */,
			);
			path = SKSStuff;
			sourceTree = "<group>";
		};
		B5028BF92061A11200FD8EFD /* Atlases */ = {
			isa = PBXGroup;
			children = (
				B5028BFD2061A24E00FD8EFD /* PJump.atlas */,
				B5028BFC2061A24E00FD8EFD /* PSpin.atlas */,
				B5028BFE2061A24F00FD8EFD /* Slime.atlas */,
			);
			path = Atlases;
			sourceTree = "<group>";
		};
		B5D58E6F20475D570012DBFB = {
			isa = PBXGroup;
			children = (
				B5D58E7A20475D570012DBFB /* WarriorOfLeporia */,
				B5D58E7920475D570012DBFB /* Products */,
			);
			sourceTree = "<group>";
		};
		B5D58E7920475D570012DBFB /* Products */ = {
			isa = PBXGroup;
			children = (
				B5D58E7820475D570012DBFB /* WarriorOfLeporia.app */,
			);
			name = Products;
			sourceTree = "<group>";
		};
		B5D58E7A20475D570012DBFB /* WarriorOfLeporia */ = {
			isa = PBXGroup;
			children = (
				B5028BF92061A11200FD8EFD /* Atlases */,
				B5D92B0A2060380D003B1DE7 /* Utilities */,
				B5D92AF62060113C003B1DE7 /* Components */,
				B5D92AF320600FD2003B1DE7 /* Entities */,
				9DCCABFF205F58870070FC88 /* SKSStuff */,
				B5D58E7B20475D570012DBFB /* AppDelegate.swift */,
				B5D58E8120475D570012DBFB /* GameScene.swift */,
				B5D58E8320475D570012DBFB /* GameViewController.swift */,
				B5D58E8520475D570012DBFB /* Main.storyboard */,
				B5D58E8820475D570012DBFB /* Assets.xcassets */,
				B5D58E8A20475D570012DBFB /* LaunchScreen.storyboard */,
				B5D58E8D20475D570012DBFB /* Info.plist */,
			);
			path = WarriorOfLeporia;
			sourceTree = "<group>";
		};
		B5D92AF320600FD2003B1DE7 /* Entities */ = {
			isa = PBXGroup;
			children = (
				B5D92AF420600FE9003B1DE7 /* CharacterEntity.swift */,
				B5D92B0820603443003B1DE7 /* EntityManager.swift */,
				B5D1CCF52060566A0030E2DE /* PlayerEntity.swift */,
				B5D1CCF7206059BE0030E2DE /* BulletEntity.swift */,
				B5D1CCF9206067C00030E2DE /* BlobEntity.swift */,
			);
			path = Entities;
			sourceTree = "<group>";
		};
		B5D92AF62060113C003B1DE7 /* Components */ = {
			isa = PBXGroup;
			children = (
				B5D92B0620603329003B1DE7 /* SpriteComponent.swift */,
				B5028C042061C7E800FD8EFD /* CameraComponent.swift */,
				B5028C062061CBD800FD8EFD /* AIComponent.swift */,
			);
			path = Components;
			sourceTree = "<group>";
		};
		B5D92B0A2060380D003B1DE7 /* Utilities */ = {
			isa = PBXGroup;
			children = (
				B5D92B0B20603827003B1DE7 /* ButtonNode.swift */,
				B5D1CCFB20606A530030E2DE /* UsefulMathStuff.swift */,
			);
			path = Utilities;
			sourceTree = "<group>";
		};
/* End PBXGroup section */

/* Begin PBXNativeTarget section */
		B5D58E7720475D570012DBFB /* WarriorOfLeporia */ = {
			isa = PBXNativeTarget;
			buildConfigurationList = B5D58E9020475D570012DBFB /* Build configuration list for PBXNativeTarget "WarriorOfLeporia" */;
			buildPhases = (
				B5D58E7420475D570012DBFB /* Sources */,
				B5D58E7520475D570012DBFB /* Frameworks */,
				B5D58E7620475D570012DBFB /* Resources */,
			);
			buildRules = (
			);
			dependencies = (
			);
			name = WarriorOfLeporia;
			productName = WarriorOfLeporia;
			productReference = B5D58E7820475D570012DBFB /* WarriorOfLeporia.app */;
			productType = "com.apple.product-type.application";
		};
/* End PBXNativeTarget section */

/* Begin PBXProject section */
		B5D58E7020475D570012DBFB /* Project object */ = {
			isa = PBXProject;
			attributes = {
				LastSwiftUpdateCheck = 0920;
				LastUpgradeCheck = 0920;
				ORGANIZATIONNAME = "Kirupa Nijastan";
				TargetAttributes = {
					B5D58E7720475D570012DBFB = {
						CreatedOnToolsVersion = 9.2;
						ProvisioningStyle = Automatic;
					};
				};
			};
			buildConfigurationList = B5D58E7320475D570012DBFB /* Build configuration list for PBXProject "WarriorOfLeporia" */;
			compatibilityVersion = "Xcode 8.0";
			developmentRegion = en;
			hasScannedForEncodings = 0;
			knownRegions = (
				en,
				Base,
			);
			mainGroup = B5D58E6F20475D570012DBFB;
			productRefGroup = B5D58E7920475D570012DBFB /* Products */;
			projectDirPath = "";
			projectRoot = "";
			targets = (
				B5D58E7720475D570012DBFB /* WarriorOfLeporia */,
			);
		};
/* End PBXProject section */

/* Begin PBXResourcesBuildPhase section */
		B5D58E7620475D570012DBFB /* Resources */ = {
			isa = PBXResourcesBuildPhase;
			buildActionMask = 2147483647;
			files = (
				B5028C012061A24F00FD8EFD /* PSpin.atlas in Resources */,
				B5028C022061A24F00FD8EFD /* PJump.atlas in Resources */,
				B5D58E8720475D570012DBFB /* Main.storyboard in Resources */,
				B5028C032061A24F00FD8EFD /* Slime.atlas in Resources */,
				B5D58E7E20475D570012DBFB /* GameScene.sks in Resources */,
				B5D58E8920475D570012DBFB /* Assets.xcassets in Resources */,
				B5D58E8C20475D570012DBFB /* LaunchScreen.storyboard in Resources */,
				B5D58E8020475D570012DBFB /* Actions.sks in Resources */,
			);
			runOnlyForDeploymentPostprocessing = 0;
		};
/* End PBXResourcesBuildPhase section */

/* Begin PBXSourcesBuildPhase section */
		B5D58E7420475D570012DBFB /* Sources */ = {
			isa = PBXSourcesBuildPhase;
			buildActionMask = 2147483647;
			files = (
				B5D92AF520600FE9003B1DE7 /* CharacterEntity.swift in Sources */,
				B5D58E8220475D570012DBFB /* GameScene.swift in Sources */,
				B5D92B0920603443003B1DE7 /* EntityManager.swift in Sources */,
				B5D92B0720603329003B1DE7 /* SpriteComponent.swift in Sources */,
				B5D58E8420475D570012DBFB /* GameViewController.swift in Sources */,
				B5D1CCF62060566A0030E2DE /* PlayerEntity.swift in Sources */,
				B5028C072061CBD800FD8EFD /* AIComponent.swift in Sources */,
				B5D1CCF8206059BE0030E2DE /* BulletEntity.swift in Sources */,
				B5D58E7C20475D570012DBFB /* AppDelegate.swift in Sources */,
				B5028C052061C7E800FD8EFD /* CameraComponent.swift in Sources */,
				B5D1CCFC20606A530030E2DE /* UsefulMathStuff.swift in Sources */,
				B5D92B0C20603827003B1DE7 /* ButtonNode.swift in Sources */,
				B5D1CCFA206067C00030E2DE /* BlobEntity.swift in Sources */,
			);
			runOnlyForDeploymentPostprocessing = 0;
		};
/* End PBXSourcesBuildPhase section */

/* Begin PBXVariantGroup section */
		B5D58E8520475D570012DBFB /* Main.storyboard */ = {
			isa = PBXVariantGroup;
			children = (
				B5D58E8620475D570012DBFB /* Base */,
			);
			name = Main.storyboard;
			sourceTree = "<group>";
		};
		B5D58E8A20475D570012DBFB /* LaunchScreen.storyboard */ = {
			isa = PBXVariantGroup;
			children = (
				B5D58E8B20475D570012DBFB /* Base */,
			);
			name = LaunchScreen.storyboard;
			sourceTree = "<group>";
		};
/* End PBXVariantGroup section */

/* Begin XCBuildConfiguration section */
		B5D58E8E20475D570012DBFB /* Debug */ = {
			isa = XCBuildConfiguration;
			buildSettings = {
				ALWAYS_SEARCH_USER_PATHS = NO;
				CLANG_ANALYZER_NONNULL = YES;
				CLANG_ANALYZER_NUMBER_OBJECT_CONVERSION = YES_AGGRESSIVE;
				CLANG_CXX_LANGUAGE_STANDARD = "gnu++14";
				CLANG_CXX_LIBRARY = "libc++";
				CLANG_ENABLE_MODULES = YES;
				CLANG_ENABLE_OBJC_ARC = YES;
				CLANG_WARN_BLOCK_CAPTURE_AUTORELEASING = YES;
				CLANG_WARN_BOOL_CONVERSION = YES;
				CLANG_WARN_COMMA = YES;
				CLANG_WARN_CONSTANT_CONVERSION = YES;
				CLANG_WARN_DIRECT_OBJC_ISA_USAGE = YES_ERROR;
				CLANG_WARN_DOCUMENTATION_COMMENTS = YES;
				CLANG_WARN_EMPTY_BODY = YES;
				CLANG_WARN_ENUM_CONVERSION = YES;
				CLANG_WARN_INFINITE_RECURSION = YES;
				CLANG_WARN_INT_CONVERSION = YES;
				CLANG_WARN_NON_LITERAL_NULL_CONVERSION = YES;
				CLANG_WARN_OBJC_LITERAL_CONVERSION = YES;
				CLANG_WARN_OBJC_ROOT_CLASS = YES_ERROR;
				CLANG_WARN_RANGE_LOOP_ANALYSIS = YES;
				CLANG_WARN_STRICT_PROTOTYPES = YES;
				CLANG_WARN_SUSPICIOUS_MOVE = YES;
				CLANG_WARN_UNGUARDED_AVAILABILITY = YES_AGGRESSIVE;
				CLANG_WARN_UNREACHABLE_CODE = YES;
				CLANG_WARN__DUPLICATE_METHOD_MATCH = YES;
				CODE_SIGN_IDENTITY = "iPhone Developer";
				COPY_PHASE_STRIP = NO;
				DEBUG_INFORMATION_FORMAT = dwarf;
				ENABLE_STRICT_OBJC_MSGSEND = YES;
				ENABLE_TESTABILITY = YES;
				GCC_C_LANGUAGE_STANDARD = gnu11;
				GCC_DYNAMIC_NO_PIC = NO;
				GCC_NO_COMMON_BLOCKS = YES;
				GCC_OPTIMIZATION_LEVEL = 0;
				GCC_PREPROCESSOR_DEFINITIONS = (
					"DEBUG=1",
					"$(inherited)",
				);
				GCC_WARN_64_TO_32_BIT_CONVERSION = YES;
				GCC_WARN_ABOUT_RETURN_TYPE = YES_ERROR;
				GCC_WARN_UNDECLARED_SELECTOR = YES;
				GCC_WARN_UNINITIALIZED_AUTOS = YES_AGGRESSIVE;
				GCC_WARN_UNUSED_FUNCTION = YES;
				GCC_WARN_UNUSED_VARIABLE = YES;
				IPHONEOS_DEPLOYMENT_TARGET = 11.2;
				MTL_ENABLE_DEBUG_INFO = YES;
				ONLY_ACTIVE_ARCH = YES;
				SDKROOT = iphoneos;
				SWIFT_ACTIVE_COMPILATION_CONDITIONS = DEBUG;
				SWIFT_OPTIMIZATION_LEVEL = "-Onone";
			};
			name = Debug;
		};
		B5D58E8F20475D570012DBFB /* Release */ = {
			isa = XCBuildConfiguration;
			buildSettings = {
				ALWAYS_SEARCH_USER_PATHS = NO;
				CLANG_ANALYZER_NONNULL = YES;
				CLANG_ANALYZER_NUMBER_OBJECT_CONVERSION = YES_AGGRESSIVE;
				CLANG_CXX_LANGUAGE_STANDARD = "gnu++14";
				CLANG_CXX_LIBRARY = "libc++";
				CLANG_ENABLE_MODULES = YES;
				CLANG_ENABLE_OBJC_ARC = YES;
				CLANG_WARN_BLOCK_CAPTURE_AUTORELEASING = YES;
				CLANG_WARN_BOOL_CONVERSION = YES;
				CLANG_WARN_COMMA = YES;
				CLANG_WARN_CONSTANT_CONVERSION = YES;
				CLANG_WARN_DIRECT_OBJC_ISA_USAGE = YES_ERROR;
				CLANG_WARN_DOCUMENTATION_COMMENTS = YES;
				CLANG_WARN_EMPTY_BODY = YES;
				CLANG_WARN_ENUM_CONVERSION = YES;
				CLANG_WARN_INFINITE_RECURSION = YES;
				CLANG_WARN_INT_CONVERSION = YES;
				CLANG_WARN_NON_LITERAL_NULL_CONVERSION = YES;
				CLANG_WARN_OBJC_LITERAL_CONVERSION = YES;
				CLANG_WARN_OBJC_ROOT_CLASS = YES_ERROR;
				CLANG_WARN_RANGE_LOOP_ANALYSIS = YES;
				CLANG_WARN_STRICT_PROTOTYPES = YES;
				CLANG_WARN_SUSPICIOUS_MOVE = YES;
				CLANG_WARN_UNGUARDED_AVAILABILITY = YES_AGGRESSIVE;
				CLANG_WARN_UNREACHABLE_CODE = YES;
				CLANG_WARN__DUPLICATE_METHOD_MATCH = YES;
				CODE_SIGN_IDENTITY = "iPhone Developer";
				COPY_PHASE_STRIP = NO;
				DEBUG_INFORMATION_FORMAT = "dwarf-with-dsym";
				ENABLE_NS_ASSERTIONS = NO;
				ENABLE_STRICT_OBJC_MSGSEND = YES;
				GCC_C_LANGUAGE_STANDARD = gnu11;
				GCC_NO_COMMON_BLOCKS = YES;
				GCC_WARN_64_TO_32_BIT_CONVERSION = YES;
				GCC_WARN_ABOUT_RETURN_TYPE = YES_ERROR;
				GCC_WARN_UNDECLARED_SELECTOR = YES;
				GCC_WARN_UNINITIALIZED_AUTOS = YES_AGGRESSIVE;
				GCC_WARN_UNUSED_FUNCTION = YES;
				GCC_WARN_UNUSED_VARIABLE = YES;
				IPHONEOS_DEPLOYMENT_TARGET = 11.2;
				MTL_ENABLE_DEBUG_INFO = NO;
				SDKROOT = iphoneos;
				SWIFT_OPTIMIZATION_LEVEL = "-Owholemodule";
				VALIDATE_PRODUCT = YES;
			};
			name = Release;
		};
		B5D58E9120475D570012DBFB /* Debug */ = {
			isa = XCBuildConfiguration;
			buildSettings = {
				ASSETCATALOG_COMPILER_APPICON_NAME = AppIcon;
				CODE_SIGN_STYLE = Automatic;
				INFOPLIST_FILE = WarriorOfLeporia/Info.plist;
				LD_RUNPATH_SEARCH_PATHS = "$(inherited) @executable_path/Frameworks";
				PRODUCT_BUNDLE_IDENTIFIER = NaTSaJiN.WarriorOfLeporia;
				PRODUCT_NAME = "$(TARGET_NAME)";
				SWIFT_VERSION = 4.0;
				TARGETED_DEVICE_FAMILY = "1,2";
			};
			name = Debug;
		};
		B5D58E9220475D570012DBFB /* Release */ = {
			isa = XCBuildConfiguration;
			buildSettings = {
				ASSETCATALOG_COMPILER_APPICON_NAME = AppIcon;
				CODE_SIGN_STYLE = Automatic;
				INFOPLIST_FILE = WarriorOfLeporia/Info.plist;
				LD_RUNPATH_SEARCH_PATHS = "$(inherited) @executable_path/Frameworks";
				PRODUCT_BUNDLE_IDENTIFIER = NaTSaJiN.WarriorOfLeporia;
				PRODUCT_NAME = "$(TARGET_NAME)";
				SWIFT_VERSION = 4.0;
				TARGETED_DEVICE_FAMILY = "1,2";
			};
			name = Release;
		};
/* End XCBuildConfiguration section */

/* Begin XCConfigurationList section */
		B5D58E7320475D570012DBFB /* Build configuration list for PBXProject "WarriorOfLeporia" */ = {
			isa = XCConfigurationList;
			buildConfigurations = (
				B5D58E8E20475D570012DBFB /* Debug */,
				B5D58E8F20475D570012DBFB /* Release */,
			);
			defaultConfigurationIsVisible = 0;
			defaultConfigurationName = Release;
		};
		B5D58E9020475D570012DBFB /* Build configuration list for PBXNativeTarget "WarriorOfLeporia" */ = {
			isa = XCConfigurationList;
			buildConfigurations = (
				B5D58E9120475D570012DBFB /* Debug */,
				B5D58E9220475D570012DBFB /* Release */,
			);
			defaultConfigurationIsVisible = 0;
			defaultConfigurationName = Release;
		};
/* End XCConfigurationList section */
	};
	rootObject = B5D58E7020475D570012DBFB /* Project object */;
}
